
Microsoft Visual Studio Solution File, Format Version 12.00
# Visual Studio 2013
VisualStudioVersion = 12.0.30324.0
MinimumVisualStudioVersion = 10.0.40219.1
Project("{2150E333-8FDC-42A3-9474-1A3956D46DE8}") = "SolutionItems", "SolutionItems", "{49915F9D-916A-420D-8734-AAF8A2A34362}"
	ProjectSection(SolutionItems) = preProject
		SolutionItems\SharedAssemblyInfo.cs = SolutionItems\SharedAssemblyInfo.cs
	EndProjectSection
EndProject
Project("{262852C6-CD72-467D-83FE-5EEB1973A190}") = "Test.Win8.Js", "Samples\Test.Win8.Js\Test.Win8.Js.jsproj", "{09E0180B-5209-478E-8B3A-041B0CEB2FF7}"
EndProject
Project("{FAE04EC0-301F-11D3-BF4B-00C04F79EFBC}") = "Test.Win8.Xaml", "Samples\Test.Win8.Xaml\Test.Win8.Xaml.csproj", "{0986DD22-4475-4A3A-9312-0E0F65DB5C82}"
EndProject
Project("{FAE04EC0-301F-11D3-BF4B-00C04F79EFBC}") = "Test.WP8", "Samples\Test.WP8\Test.WP8.csproj", "{FA6631C4-77A7-42BB-8B69-8E218B024A52}"
EndProject
Project("{FAE04EC0-301F-11D3-BF4B-00C04F79EFBC}") = "GoogleAnalytics.Managed.Win80", "GoogleAnalytics.Managed\Win80\GoogleAnalytics.Managed.Win80.csproj", "{DF6121D9-BDF6-4E9B-AFBA-726F822E6DCE}"
EndProject
Project("{FAE04EC0-301F-11D3-BF4B-00C04F79EFBC}") = "GoogleAnalytics.Managed.Win81", "GoogleAnalytics.Managed\Win81\GoogleAnalytics.Managed.Win81.csproj", "{962DB643-BA46-4301-89C3-5A79E22F2C12}"
EndProject
Project("{FAE04EC0-301F-11D3-BF4B-00C04F79EFBC}") = "GoogleAnalytics.SL.WP80", "GoogleAnalytics.Managed\WP80\GoogleAnalytics.SL.WP80.csproj", "{4367A9FA-159E-4F5C-84A3-AA5348AEA3C4}"
EndProject
Project("{8BC9CEB8-8B4A-11D0-8D11-00A0C91BC942}") = "GoogleAnalytics.Native.Win81", "GoogleAnalytics.Native\Win81\GoogleAnalytics.Native.Win81.vcxproj", "{1B08DB28-BF22-4F80-AF05-9852A9160AF3}"
EndProject
Project("{8BC9CEB8-8B4A-11D0-8D11-00A0C91BC942}") = "GoogleAnalytics.Native.Win80", "GoogleAnalytics.Native\Win80\GoogleAnalytics.Native.Win80.vcxproj", "{428A7347-28DC-4E0A-85E8-4FB0B890A784}"
EndProject
Project("{FAE04EC0-301F-11D3-BF4B-00C04F79EFBC}") = "GoogleAnalytics.Core.PCL78", "Core\PCL.78\GoogleAnalytics.Core.PCL78.csproj", "{2EA1649C-A46C-40CA-85B9-998FE8F8B77E}"
EndProject
Project("{FAE04EC0-301F-11D3-BF4B-00C04F79EFBC}") = "GoogleAnalytics.Core.PCL136", "Core\PCL.136\GoogleAnalytics.Core.PCL136.csproj", "{46F3162C-5A3C-478C-9AC2-7A146EEB4A4E}"
EndProject
Project("{FAE04EC0-301F-11D3-BF4B-00C04F79EFBC}") = "GoogleAnalytics.Core.Win80", "Core\WinRT.Win80\GoogleAnalytics.Core.Win80.csproj", "{C3FFF069-6D70-4ECC-9DD4-2181384F4B54}"
EndProject
Project("{FAE04EC0-301F-11D3-BF4B-00C04F79EFBC}") = "GoogleAnalytics.Core.WP80", "Core\SL.WP80\GoogleAnalytics.Core.WP80.csproj", "{FAA7F73C-6E96-4864-95D5-42E21038C576}"
EndProject
Project("{FAE04EC0-301F-11D3-BF4B-00C04F79EFBC}") = "GoogleAnalytics.Core.Universal", "Core\Universal\GoogleAnalytics.Core.Universal.csproj", "{1F56CD4B-907C-4225-A657-FDCEADAA5967}"
EndProject
Project("{FAE04EC0-301F-11D3-BF4B-00C04F79EFBC}") = "GoogleAnalytics.Managed.WP81", "GoogleAnalytics.Managed\WP81\GoogleAnalytics.Managed.WP81.csproj", "{C24CF9F2-6813-4708-9C9F-4C3531ACF5B6}"
EndProject
Global
	GlobalSection(SolutionConfigurationPlatforms) = preSolution
		Debug|Any CPU = Debug|Any CPU
		Debug|ARM = Debug|ARM
		Debug|Mixed Platforms = Debug|Mixed Platforms
		Debug|Win32 = Debug|Win32
		Debug|x64 = Debug|x64
		Debug|x86 = Debug|x86
		Release|Any CPU = Release|Any CPU
		Release|ARM = Release|ARM
		Release|Mixed Platforms = Release|Mixed Platforms
		Release|Win32 = Release|Win32
		Release|x64 = Release|x64
		Release|x86 = Release|x86
	EndGlobalSection
	GlobalSection(ProjectConfigurationPlatforms) = postSolution
		{09E0180B-5209-478E-8B3A-041B0CEB2FF7}.Debug|Any CPU.ActiveCfg = Debug|x64
		{09E0180B-5209-478E-8B3A-041B0CEB2FF7}.Debug|Any CPU.Build.0 = Debug|x64
		{09E0180B-5209-478E-8B3A-041B0CEB2FF7}.Debug|Any CPU.Deploy.0 = Debug|x64
		{09E0180B-5209-478E-8B3A-041B0CEB2FF7}.Debug|ARM.ActiveCfg = Debug|ARM
		{09E0180B-5209-478E-8B3A-041B0CEB2FF7}.Debug|ARM.Build.0 = Debug|ARM
		{09E0180B-5209-478E-8B3A-041B0CEB2FF7}.Debug|ARM.Deploy.0 = Debug|ARM
		{09E0180B-5209-478E-8B3A-041B0CEB2FF7}.Debug|Mixed Platforms.ActiveCfg = Debug|x86
		{09E0180B-5209-478E-8B3A-041B0CEB2FF7}.Debug|Mixed Platforms.Build.0 = Debug|x86
		{09E0180B-5209-478E-8B3A-041B0CEB2FF7}.Debug|Mixed Platforms.Deploy.0 = Debug|x86
		{09E0180B-5209-478E-8B3A-041B0CEB2FF7}.Debug|Win32.ActiveCfg = Debug|x86
		{09E0180B-5209-478E-8B3A-041B0CEB2FF7}.Debug|Win32.Build.0 = Debug|x86
		{09E0180B-5209-478E-8B3A-041B0CEB2FF7}.Debug|Win32.Deploy.0 = Debug|x86
		{09E0180B-5209-478E-8B3A-041B0CEB2FF7}.Debug|x64.ActiveCfg = Debug|x64
		{09E0180B-5209-478E-8B3A-041B0CEB2FF7}.Debug|x64.Build.0 = Debug|x64
		{09E0180B-5209-478E-8B3A-041B0CEB2FF7}.Debug|x64.Deploy.0 = Debug|x64
		{09E0180B-5209-478E-8B3A-041B0CEB2FF7}.Debug|x86.ActiveCfg = Debug|x86
		{09E0180B-5209-478E-8B3A-041B0CEB2FF7}.Debug|x86.Build.0 = Debug|x86
		{09E0180B-5209-478E-8B3A-041B0CEB2FF7}.Debug|x86.Deploy.0 = Debug|x86
		{09E0180B-5209-478E-8B3A-041B0CEB2FF7}.Release|Any CPU.ActiveCfg = Release|x64
		{09E0180B-5209-478E-8B3A-041B0CEB2FF7}.Release|Any CPU.Build.0 = Release|x64
		{09E0180B-5209-478E-8B3A-041B0CEB2FF7}.Release|Any CPU.Deploy.0 = Release|x64
		{09E0180B-5209-478E-8B3A-041B0CEB2FF7}.Release|ARM.ActiveCfg = Release|ARM
		{09E0180B-5209-478E-8B3A-041B0CEB2FF7}.Release|ARM.Build.0 = Release|ARM
		{09E0180B-5209-478E-8B3A-041B0CEB2FF7}.Release|ARM.Deploy.0 = Release|ARM
		{09E0180B-5209-478E-8B3A-041B0CEB2FF7}.Release|Mixed Platforms.ActiveCfg = Release|x86
		{09E0180B-5209-478E-8B3A-041B0CEB2FF7}.Release|Mixed Platforms.Build.0 = Release|x86
		{09E0180B-5209-478E-8B3A-041B0CEB2FF7}.Release|Mixed Platforms.Deploy.0 = Release|x86
		{09E0180B-5209-478E-8B3A-041B0CEB2FF7}.Release|Win32.ActiveCfg = Release|x86
		{09E0180B-5209-478E-8B3A-041B0CEB2FF7}.Release|Win32.Build.0 = Release|x86
		{09E0180B-5209-478E-8B3A-041B0CEB2FF7}.Release|Win32.Deploy.0 = Release|x86
		{09E0180B-5209-478E-8B3A-041B0CEB2FF7}.Release|x64.ActiveCfg = Release|x64
		{09E0180B-5209-478E-8B3A-041B0CEB2FF7}.Release|x64.Build.0 = Release|x64
		{09E0180B-5209-478E-8B3A-041B0CEB2FF7}.Release|x64.Deploy.0 = Release|x64
		{09E0180B-5209-478E-8B3A-041B0CEB2FF7}.Release|x86.ActiveCfg = Release|x86
		{09E0180B-5209-478E-8B3A-041B0CEB2FF7}.Release|x86.Build.0 = Release|x86
		{09E0180B-5209-478E-8B3A-041B0CEB2FF7}.Release|x86.Deploy.0 = Release|x86
		{0986DD22-4475-4A3A-9312-0E0F65DB5C82}.Debug|Any CPU.ActiveCfg = Debug|Any CPU
		{0986DD22-4475-4A3A-9312-0E0F65DB5C82}.Debug|Any CPU.Build.0 = Debug|Any CPU
		{0986DD22-4475-4A3A-9312-0E0F65DB5C82}.Debug|Any CPU.Deploy.0 = Debug|Any CPU
		{0986DD22-4475-4A3A-9312-0E0F65DB5C82}.Debug|ARM.ActiveCfg = Debug|ARM
		{0986DD22-4475-4A3A-9312-0E0F65DB5C82}.Debug|ARM.Build.0 = Debug|ARM
		{0986DD22-4475-4A3A-9312-0E0F65DB5C82}.Debug|ARM.Deploy.0 = Debug|ARM
		{0986DD22-4475-4A3A-9312-0E0F65DB5C82}.Debug|Mixed Platforms.ActiveCfg = Debug|Any CPU
		{0986DD22-4475-4A3A-9312-0E0F65DB5C82}.Debug|Mixed Platforms.Build.0 = Debug|Any CPU
		{0986DD22-4475-4A3A-9312-0E0F65DB5C82}.Debug|Mixed Platforms.Deploy.0 = Debug|Any CPU
		{0986DD22-4475-4A3A-9312-0E0F65DB5C82}.Debug|Win32.ActiveCfg = Debug|x86
		{0986DD22-4475-4A3A-9312-0E0F65DB5C82}.Debug|Win32.Build.0 = Debug|x86
		{0986DD22-4475-4A3A-9312-0E0F65DB5C82}.Debug|Win32.Deploy.0 = Debug|x86
		{0986DD22-4475-4A3A-9312-0E0F65DB5C82}.Debug|x64.ActiveCfg = Debug|x64
		{0986DD22-4475-4A3A-9312-0E0F65DB5C82}.Debug|x64.Build.0 = Debug|x64
		{0986DD22-4475-4A3A-9312-0E0F65DB5C82}.Debug|x64.Deploy.0 = Debug|x64
		{0986DD22-4475-4A3A-9312-0E0F65DB5C82}.Debug|x86.ActiveCfg = Debug|x86
		{0986DD22-4475-4A3A-9312-0E0F65DB5C82}.Debug|x86.Build.0 = Debug|x86
		{0986DD22-4475-4A3A-9312-0E0F65DB5C82}.Debug|x86.Deploy.0 = Debug|x86
		{0986DD22-4475-4A3A-9312-0E0F65DB5C82}.Release|Any CPU.ActiveCfg = Release|Any CPU
		{0986DD22-4475-4A3A-9312-0E0F65DB5C82}.Release|Any CPU.Build.0 = Release|Any CPU
		{0986DD22-4475-4A3A-9312-0E0F65DB5C82}.Release|Any CPU.Deploy.0 = Release|Any CPU
		{0986DD22-4475-4A3A-9312-0E0F65DB5C82}.Release|ARM.ActiveCfg = Release|ARM
		{0986DD22-4475-4A3A-9312-0E0F65DB5C82}.Release|ARM.Build.0 = Release|ARM
		{0986DD22-4475-4A3A-9312-0E0F65DB5C82}.Release|ARM.Deploy.0 = Release|ARM
		{0986DD22-4475-4A3A-9312-0E0F65DB5C82}.Release|Mixed Platforms.ActiveCfg = Release|Any CPU
		{0986DD22-4475-4A3A-9312-0E0F65DB5C82}.Release|Mixed Platforms.Build.0 = Release|Any CPU
		{0986DD22-4475-4A3A-9312-0E0F65DB5C82}.Release|Mixed Platforms.Deploy.0 = Release|Any CPU
		{0986DD22-4475-4A3A-9312-0E0F65DB5C82}.Release|Win32.ActiveCfg = Release|x86
		{0986DD22-4475-4A3A-9312-0E0F65DB5C82}.Release|Win32.Build.0 = Release|x86
		{0986DD22-4475-4A3A-9312-0E0F65DB5C82}.Release|Win32.Deploy.0 = Release|x86
		{0986DD22-4475-4A3A-9312-0E0F65DB5C82}.Release|x64.ActiveCfg = Release|x64
		{0986DD22-4475-4A3A-9312-0E0F65DB5C82}.Release|x64.Build.0 = Release|x64
		{0986DD22-4475-4A3A-9312-0E0F65DB5C82}.Release|x64.Deploy.0 = Release|x64
		{0986DD22-4475-4A3A-9312-0E0F65DB5C82}.Release|x86.ActiveCfg = Release|x86
		{0986DD22-4475-4A3A-9312-0E0F65DB5C82}.Release|x86.Build.0 = Release|x86
		{0986DD22-4475-4A3A-9312-0E0F65DB5C82}.Release|x86.Deploy.0 = Release|x86
		{FA6631C4-77A7-42BB-8B69-8E218B024A52}.Debug|Any CPU.ActiveCfg = Debug|Any CPU
		{FA6631C4-77A7-42BB-8B69-8E218B024A52}.Debug|Any CPU.Build.0 = Debug|Any CPU
		{FA6631C4-77A7-42BB-8B69-8E218B024A52}.Debug|Any CPU.Deploy.0 = Debug|Any CPU
		{FA6631C4-77A7-42BB-8B69-8E218B024A52}.Debug|ARM.ActiveCfg = Debug|ARM
		{FA6631C4-77A7-42BB-8B69-8E218B024A52}.Debug|ARM.Build.0 = Debug|ARM
		{FA6631C4-77A7-42BB-8B69-8E218B024A52}.Debug|ARM.Deploy.0 = Debug|ARM
		{FA6631C4-77A7-42BB-8B69-8E218B024A52}.Debug|Mixed Platforms.ActiveCfg = Debug|Any CPU
		{FA6631C4-77A7-42BB-8B69-8E218B024A52}.Debug|Mixed Platforms.Build.0 = Debug|Any CPU
		{FA6631C4-77A7-42BB-8B69-8E218B024A52}.Debug|Mixed Platforms.Deploy.0 = Debug|Any CPU
		{FA6631C4-77A7-42BB-8B69-8E218B024A52}.Debug|Win32.ActiveCfg = Debug|x86
		{FA6631C4-77A7-42BB-8B69-8E218B024A52}.Debug|Win32.Build.0 = Debug|x86
		{FA6631C4-77A7-42BB-8B69-8E218B024A52}.Debug|Win32.Deploy.0 = Debug|x86
		{FA6631C4-77A7-42BB-8B69-8E218B024A52}.Debug|x64.ActiveCfg = Debug|Any CPU
		{FA6631C4-77A7-42BB-8B69-8E218B024A52}.Debug|x86.ActiveCfg = Debug|x86
		{FA6631C4-77A7-42BB-8B69-8E218B024A52}.Debug|x86.Build.0 = Debug|x86
		{FA6631C4-77A7-42BB-8B69-8E218B024A52}.Debug|x86.Deploy.0 = Debug|x86
		{FA6631C4-77A7-42BB-8B69-8E218B024A52}.Release|Any CPU.ActiveCfg = Release|Any CPU
		{FA6631C4-77A7-42BB-8B69-8E218B024A52}.Release|Any CPU.Build.0 = Release|Any CPU
		{FA6631C4-77A7-42BB-8B69-8E218B024A52}.Release|Any CPU.Deploy.0 = Release|Any CPU
		{FA6631C4-77A7-42BB-8B69-8E218B024A52}.Release|ARM.ActiveCfg = Release|ARM
		{FA6631C4-77A7-42BB-8B69-8E218B024A52}.Release|ARM.Build.0 = Release|ARM
		{FA6631C4-77A7-42BB-8B69-8E218B024A52}.Release|ARM.Deploy.0 = Release|ARM
		{FA6631C4-77A7-42BB-8B69-8E218B024A52}.Release|Mixed Platforms.ActiveCfg = Release|Any CPU
		{FA6631C4-77A7-42BB-8B69-8E218B024A52}.Release|Mixed Platforms.Build.0 = Release|Any CPU
		{FA6631C4-77A7-42BB-8B69-8E218B024A52}.Release|Mixed Platforms.Deploy.0 = Release|Any CPU
		{FA6631C4-77A7-42BB-8B69-8E218B024A52}.Release|Win32.ActiveCfg = Release|x86
		{FA6631C4-77A7-42BB-8B69-8E218B024A52}.Release|Win32.Build.0 = Release|x86
		{FA6631C4-77A7-42BB-8B69-8E218B024A52}.Release|Win32.Deploy.0 = Release|x86
		{FA6631C4-77A7-42BB-8B69-8E218B024A52}.Release|x64.ActiveCfg = Release|Any CPU
		{FA6631C4-77A7-42BB-8B69-8E218B024A52}.Release|x86.ActiveCfg = Release|x86
		{FA6631C4-77A7-42BB-8B69-8E218B024A52}.Release|x86.Build.0 = Release|x86
		{FA6631C4-77A7-42BB-8B69-8E218B024A52}.Release|x86.Deploy.0 = Release|x86
		{DF6121D9-BDF6-4E9B-AFBA-726F822E6DCE}.Debug|Any CPU.ActiveCfg = Debug|Any CPU
		{DF6121D9-BDF6-4E9B-AFBA-726F822E6DCE}.Debug|Any CPU.Build.0 = Debug|Any CPU
		{DF6121D9-BDF6-4E9B-AFBA-726F822E6DCE}.Debug|ARM.ActiveCfg = Debug|ARM
		{DF6121D9-BDF6-4E9B-AFBA-726F822E6DCE}.Debug|ARM.Build.0 = Debug|ARM
		{DF6121D9-BDF6-4E9B-AFBA-726F822E6DCE}.Debug|Mixed Platforms.ActiveCfg = Debug|Any CPU
		{DF6121D9-BDF6-4E9B-AFBA-726F822E6DCE}.Debug|Mixed Platforms.Build.0 = Debug|Any CPU
		{DF6121D9-BDF6-4E9B-AFBA-726F822E6DCE}.Debug|Win32.ActiveCfg = Debug|x86
		{DF6121D9-BDF6-4E9B-AFBA-726F822E6DCE}.Debug|Win32.Build.0 = Debug|x86
		{DF6121D9-BDF6-4E9B-AFBA-726F822E6DCE}.Debug|x64.ActiveCfg = Debug|x64
		{DF6121D9-BDF6-4E9B-AFBA-726F822E6DCE}.Debug|x64.Build.0 = Debug|x64
		{DF6121D9-BDF6-4E9B-AFBA-726F822E6DCE}.Debug|x86.ActiveCfg = Debug|x86
		{DF6121D9-BDF6-4E9B-AFBA-726F822E6DCE}.Debug|x86.Build.0 = Debug|x86
		{DF6121D9-BDF6-4E9B-AFBA-726F822E6DCE}.Release|Any CPU.ActiveCfg = Release|Any CPU
		{DF6121D9-BDF6-4E9B-AFBA-726F822E6DCE}.Release|Any CPU.Build.0 = Release|Any CPU
		{DF6121D9-BDF6-4E9B-AFBA-726F822E6DCE}.Release|ARM.ActiveCfg = Release|ARM
		{DF6121D9-BDF6-4E9B-AFBA-726F822E6DCE}.Release|ARM.Build.0 = Release|ARM
		{DF6121D9-BDF6-4E9B-AFBA-726F822E6DCE}.Release|Mixed Platforms.ActiveCfg = Release|Any CPU
		{DF6121D9-BDF6-4E9B-AFBA-726F822E6DCE}.Release|Mixed Platforms.Build.0 = Release|Any CPU
		{DF6121D9-BDF6-4E9B-AFBA-726F822E6DCE}.Release|Win32.ActiveCfg = Release|x86
		{DF6121D9-BDF6-4E9B-AFBA-726F822E6DCE}.Release|Win32.Build.0 = Release|x86
		{DF6121D9-BDF6-4E9B-AFBA-726F822E6DCE}.Release|x64.ActiveCfg = Release|x64
		{DF6121D9-BDF6-4E9B-AFBA-726F822E6DCE}.Release|x64.Build.0 = Release|x64
		{DF6121D9-BDF6-4E9B-AFBA-726F822E6DCE}.Release|x86.ActiveCfg = Release|x86
		{DF6121D9-BDF6-4E9B-AFBA-726F822E6DCE}.Release|x86.Build.0 = Release|x86
		{962DB643-BA46-4301-89C3-5A79E22F2C12}.Debug|Any CPU.ActiveCfg = Debug|Any CPU
		{962DB643-BA46-4301-89C3-5A79E22F2C12}.Debug|Any CPU.Build.0 = Debug|Any CPU
		{962DB643-BA46-4301-89C3-5A79E22F2C12}.Debug|ARM.ActiveCfg = Debug|ARM
		{962DB643-BA46-4301-89C3-5A79E22F2C12}.Debug|ARM.Build.0 = Debug|ARM
		{962DB643-BA46-4301-89C3-5A79E22F2C12}.Debug|Mixed Platforms.ActiveCfg = Debug|Any CPU
		{962DB643-BA46-4301-89C3-5A79E22F2C12}.Debug|Mixed Platforms.Build.0 = Debug|Any CPU
		{962DB643-BA46-4301-89C3-5A79E22F2C12}.Debug|Win32.ActiveCfg = Debug|x86
		{962DB643-BA46-4301-89C3-5A79E22F2C12}.Debug|Win32.Build.0 = Debug|x86
		{962DB643-BA46-4301-89C3-5A79E22F2C12}.Debug|x64.ActiveCfg = Debug|x64
		{962DB643-BA46-4301-89C3-5A79E22F2C12}.Debug|x64.Build.0 = Debug|x64
		{962DB643-BA46-4301-89C3-5A79E22F2C12}.Debug|x86.ActiveCfg = Debug|x86
		{962DB643-BA46-4301-89C3-5A79E22F2C12}.Debug|x86.Build.0 = Debug|x86
		{962DB643-BA46-4301-89C3-5A79E22F2C12}.Release|Any CPU.ActiveCfg = Release|Any CPU
		{962DB643-BA46-4301-89C3-5A79E22F2C12}.Release|Any CPU.Build.0 = Release|Any CPU
		{962DB643-BA46-4301-89C3-5A79E22F2C12}.Release|ARM.ActiveCfg = Release|ARM
		{962DB643-BA46-4301-89C3-5A79E22F2C12}.Release|ARM.Build.0 = Release|ARM
		{962DB643-BA46-4301-89C3-5A79E22F2C12}.Release|Mixed Platforms.ActiveCfg = Release|Any CPU
		{962DB643-BA46-4301-89C3-5A79E22F2C12}.Release|Mixed Platforms.Build.0 = Release|Any CPU
		{962DB643-BA46-4301-89C3-5A79E22F2C12}.Release|Win32.ActiveCfg = Release|x86
		{962DB643-BA46-4301-89C3-5A79E22F2C12}.Release|Win32.Build.0 = Release|x86
		{962DB643-BA46-4301-89C3-5A79E22F2C12}.Release|x64.ActiveCfg = Release|x64
		{962DB643-BA46-4301-89C3-5A79E22F2C12}.Release|x64.Build.0 = Release|x64
		{962DB643-BA46-4301-89C3-5A79E22F2C12}.Release|x86.ActiveCfg = Release|x86
		{962DB643-BA46-4301-89C3-5A79E22F2C12}.Release|x86.Build.0 = Release|x86
		{4367A9FA-159E-4F5C-84A3-AA5348AEA3C4}.Debug|Any CPU.ActiveCfg = Debug|Any CPU
		{4367A9FA-159E-4F5C-84A3-AA5348AEA3C4}.Debug|Any CPU.Build.0 = Debug|Any CPU
		{4367A9FA-159E-4F5C-84A3-AA5348AEA3C4}.Debug|ARM.ActiveCfg = Debug|ARM
		{4367A9FA-159E-4F5C-84A3-AA5348AEA3C4}.Debug|ARM.Build.0 = Debug|ARM
		{4367A9FA-159E-4F5C-84A3-AA5348AEA3C4}.Debug|Mixed Platforms.ActiveCfg = Debug|Any CPU
		{4367A9FA-159E-4F5C-84A3-AA5348AEA3C4}.Debug|Mixed Platforms.Build.0 = Debug|Any CPU
		{4367A9FA-159E-4F5C-84A3-AA5348AEA3C4}.Debug|Win32.ActiveCfg = Debug|x86
		{4367A9FA-159E-4F5C-84A3-AA5348AEA3C4}.Debug|Win32.Build.0 = Debug|x86
		{4367A9FA-159E-4F5C-84A3-AA5348AEA3C4}.Debug|x64.ActiveCfg = Debug|Any CPU
		{4367A9FA-159E-4F5C-84A3-AA5348AEA3C4}.Debug|x86.ActiveCfg = Debug|x86
		{4367A9FA-159E-4F5C-84A3-AA5348AEA3C4}.Debug|x86.Build.0 = Debug|x86
		{4367A9FA-159E-4F5C-84A3-AA5348AEA3C4}.Release|Any CPU.ActiveCfg = Release|Any CPU
		{4367A9FA-159E-4F5C-84A3-AA5348AEA3C4}.Release|Any CPU.Build.0 = Release|Any CPU
		{4367A9FA-159E-4F5C-84A3-AA5348AEA3C4}.Release|ARM.ActiveCfg = Release|ARM
		{4367A9FA-159E-4F5C-84A3-AA5348AEA3C4}.Release|ARM.Build.0 = Release|ARM
		{4367A9FA-159E-4F5C-84A3-AA5348AEA3C4}.Release|Mixed Platforms.ActiveCfg = Release|Any CPU
		{4367A9FA-159E-4F5C-84A3-AA5348AEA3C4}.Release|Mixed Platforms.Build.0 = Release|Any CPU
		{4367A9FA-159E-4F5C-84A3-AA5348AEA3C4}.Release|Win32.ActiveCfg = Release|x86
		{4367A9FA-159E-4F5C-84A3-AA5348AEA3C4}.Release|Win32.Build.0 = Release|x86
		{4367A9FA-159E-4F5C-84A3-AA5348AEA3C4}.Release|x64.ActiveCfg = Release|Any CPU
		{4367A9FA-159E-4F5C-84A3-AA5348AEA3C4}.Release|x86.ActiveCfg = Release|x86
		{4367A9FA-159E-4F5C-84A3-AA5348AEA3C4}.Release|x86.Build.0 = Release|x86
		{1B08DB28-BF22-4F80-AF05-9852A9160AF3}.Debug|Any CPU.ActiveCfg = Debug|x64
		{1B08DB28-BF22-4F80-AF05-9852A9160AF3}.Debug|Any CPU.Build.0 = Debug|x64
		{1B08DB28-BF22-4F80-AF05-9852A9160AF3}.Debug|ARM.ActiveCfg = Debug|ARM
		{1B08DB28-BF22-4F80-AF05-9852A9160AF3}.Debug|ARM.Build.0 = Debug|ARM
		{1B08DB28-BF22-4F80-AF05-9852A9160AF3}.Debug|Mixed Platforms.ActiveCfg = Debug|Win32
		{1B08DB28-BF22-4F80-AF05-9852A9160AF3}.Debug|Mixed Platforms.Build.0 = Debug|Win32
		{1B08DB28-BF22-4F80-AF05-9852A9160AF3}.Debug|Win32.ActiveCfg = Debug|Win32
		{1B08DB28-BF22-4F80-AF05-9852A9160AF3}.Debug|Win32.Build.0 = Debug|Win32
		{1B08DB28-BF22-4F80-AF05-9852A9160AF3}.Debug|x64.ActiveCfg = Debug|x64
		{1B08DB28-BF22-4F80-AF05-9852A9160AF3}.Debug|x64.Build.0 = Debug|x64
		{1B08DB28-BF22-4F80-AF05-9852A9160AF3}.Debug|x86.ActiveCfg = Debug|Win32
		{1B08DB28-BF22-4F80-AF05-9852A9160AF3}.Debug|x86.Build.0 = Debug|Win32
		{1B08DB28-BF22-4F80-AF05-9852A9160AF3}.Release|Any CPU.ActiveCfg = Release|Win32
		{1B08DB28-BF22-4F80-AF05-9852A9160AF3}.Release|ARM.ActiveCfg = Release|ARM
		{1B08DB28-BF22-4F80-AF05-9852A9160AF3}.Release|ARM.Build.0 = Release|ARM
		{1B08DB28-BF22-4F80-AF05-9852A9160AF3}.Release|Mixed Platforms.ActiveCfg = Release|Win32
		{1B08DB28-BF22-4F80-AF05-9852A9160AF3}.Release|Mixed Platforms.Build.0 = Release|Win32
		{1B08DB28-BF22-4F80-AF05-9852A9160AF3}.Release|Win32.ActiveCfg = Release|Win32
		{1B08DB28-BF22-4F80-AF05-9852A9160AF3}.Release|Win32.Build.0 = Release|Win32
		{1B08DB28-BF22-4F80-AF05-9852A9160AF3}.Release|x64.ActiveCfg = Release|x64
		{1B08DB28-BF22-4F80-AF05-9852A9160AF3}.Release|x64.Build.0 = Release|x64
		{1B08DB28-BF22-4F80-AF05-9852A9160AF3}.Release|x86.ActiveCfg = Release|Win32
		{1B08DB28-BF22-4F80-AF05-9852A9160AF3}.Release|x86.Build.0 = Release|Win32
		{428A7347-28DC-4E0A-85E8-4FB0B890A784}.Debug|Any CPU.ActiveCfg = Debug|x64
		{428A7347-28DC-4E0A-85E8-4FB0B890A784}.Debug|Any CPU.Build.0 = Debug|x64
		{428A7347-28DC-4E0A-85E8-4FB0B890A784}.Debug|ARM.ActiveCfg = Debug|ARM
		{428A7347-28DC-4E0A-85E8-4FB0B890A784}.Debug|ARM.Build.0 = Debug|ARM
		{428A7347-28DC-4E0A-85E8-4FB0B890A784}.Debug|Mixed Platforms.ActiveCfg = Debug|Win32
		{428A7347-28DC-4E0A-85E8-4FB0B890A784}.Debug|Mixed Platforms.Build.0 = Debug|Win32
		{428A7347-28DC-4E0A-85E8-4FB0B890A784}.Debug|Win32.ActiveCfg = Debug|Win32
		{428A7347-28DC-4E0A-85E8-4FB0B890A784}.Debug|Win32.Build.0 = Debug|Win32
		{428A7347-28DC-4E0A-85E8-4FB0B890A784}.Debug|x64.ActiveCfg = Debug|x64
		{428A7347-28DC-4E0A-85E8-4FB0B890A784}.Debug|x64.Build.0 = Debug|x64
		{428A7347-28DC-4E0A-85E8-4FB0B890A784}.Debug|x86.ActiveCfg = Debug|Win32
		{428A7347-28DC-4E0A-85E8-4FB0B890A784}.Debug|x86.Build.0 = Debug|Win32
		{428A7347-28DC-4E0A-85E8-4FB0B890A784}.Release|Any CPU.ActiveCfg = Release|Win32
		{428A7347-28DC-4E0A-85E8-4FB0B890A784}.Release|ARM.ActiveCfg = Release|ARM
		{428A7347-28DC-4E0A-85E8-4FB0B890A784}.Release|ARM.Build.0 = Release|ARM
		{428A7347-28DC-4E0A-85E8-4FB0B890A784}.Release|Mixed Platforms.ActiveCfg = Release|Win32
		{428A7347-28DC-4E0A-85E8-4FB0B890A784}.Release|Mixed Platforms.Build.0 = Release|Win32
		{428A7347-28DC-4E0A-85E8-4FB0B890A784}.Release|Win32.ActiveCfg = Release|Win32
		{428A7347-28DC-4E0A-85E8-4FB0B890A784}.Release|Win32.Build.0 = Release|Win32
		{428A7347-28DC-4E0A-85E8-4FB0B890A784}.Release|x64.ActiveCfg = Release|x64
		{428A7347-28DC-4E0A-85E8-4FB0B890A784}.Release|x64.Build.0 = Release|x64
		{428A7347-28DC-4E0A-85E8-4FB0B890A784}.Release|x86.ActiveCfg = Release|Win32
		{428A7347-28DC-4E0A-85E8-4FB0B890A784}.Release|x86.Build.0 = Release|Win32
		{2EA1649C-A46C-40CA-85B9-998FE8F8B77E}.Debug|Any CPU.ActiveCfg = Debug|Any CPU
		{2EA1649C-A46C-40CA-85B9-998FE8F8B77E}.Debug|Any CPU.Build.0 = Debug|Any CPU
		{2EA1649C-A46C-40CA-85B9-998FE8F8B77E}.Debug|ARM.ActiveCfg = Debug|Any CPU
		{2EA1649C-A46C-40CA-85B9-998FE8F8B77E}.Debug|Mixed Platforms.ActiveCfg = Debug|Any CPU
		{2EA1649C-A46C-40CA-85B9-998FE8F8B77E}.Debug|Mixed Platforms.Build.0 = Debug|Any CPU
		{2EA1649C-A46C-40CA-85B9-998FE8F8B77E}.Debug|Win32.ActiveCfg = Debug|Any CPU
		{2EA1649C-A46C-40CA-85B9-998FE8F8B77E}.Debug|x64.ActiveCfg = Debug|Any CPU
		{2EA1649C-A46C-40CA-85B9-998FE8F8B77E}.Debug|x86.ActiveCfg = Debug|Any CPU
		{2EA1649C-A46C-40CA-85B9-998FE8F8B77E}.Release|Any CPU.ActiveCfg = Release|Any CPU
		{2EA1649C-A46C-40CA-85B9-998FE8F8B77E}.Release|Any CPU.Build.0 = Release|Any CPU
		{2EA1649C-A46C-40CA-85B9-998FE8F8B77E}.Release|ARM.ActiveCfg = Release|Any CPU
		{2EA1649C-A46C-40CA-85B9-998FE8F8B77E}.Release|Mixed Platforms.ActiveCfg = Release|Any CPU
		{2EA1649C-A46C-40CA-85B9-998FE8F8B77E}.Release|Mixed Platforms.Build.0 = Release|Any CPU
		{2EA1649C-A46C-40CA-85B9-998FE8F8B77E}.Release|Win32.ActiveCfg = Release|Any CPU
		{2EA1649C-A46C-40CA-85B9-998FE8F8B77E}.Release|x64.ActiveCfg = Release|Any CPU
		{2EA1649C-A46C-40CA-85B9-998FE8F8B77E}.Release|x86.ActiveCfg = Release|Any CPU
		{46F3162C-5A3C-478C-9AC2-7A146EEB4A4E}.Debug|Any CPU.ActiveCfg = Debug|Any CPU
		{46F3162C-5A3C-478C-9AC2-7A146EEB4A4E}.Debug|Any CPU.Build.0 = Debug|Any CPU
		{46F3162C-5A3C-478C-9AC2-7A146EEB4A4E}.Debug|ARM.ActiveCfg = Debug|Any CPU
		{46F3162C-5A3C-478C-9AC2-7A146EEB4A4E}.Debug|Mixed Platforms.ActiveCfg = Debug|Any CPU
		{46F3162C-5A3C-478C-9AC2-7A146EEB4A4E}.Debug|Mixed Platforms.Build.0 = Debug|Any CPU
		{46F3162C-5A3C-478C-9AC2-7A146EEB4A4E}.Debug|Win32.ActiveCfg = Debug|Any CPU
		{46F3162C-5A3C-478C-9AC2-7A146EEB4A4E}.Debug|x64.ActiveCfg = Debug|Any CPU
		{46F3162C-5A3C-478C-9AC2-7A146EEB4A4E}.Debug|x86.ActiveCfg = Debug|Any CPU
		{46F3162C-5A3C-478C-9AC2-7A146EEB4A4E}.Release|Any CPU.ActiveCfg = Release|Any CPU
		{46F3162C-5A3C-478C-9AC2-7A146EEB4A4E}.Release|Any CPU.Build.0 = Release|Any CPU
		{46F3162C-5A3C-478C-9AC2-7A146EEB4A4E}.Release|ARM.ActiveCfg = Release|Any CPU
		{46F3162C-5A3C-478C-9AC2-7A146EEB4A4E}.Release|Mixed Platforms.ActiveCfg = Release|Any CPU
		{46F3162C-5A3C-478C-9AC2-7A146EEB4A4E}.Release|Mixed Platforms.Build.0 = Release|Any CPU
		{46F3162C-5A3C-478C-9AC2-7A146EEB4A4E}.Release|Win32.ActiveCfg = Release|Any CPU
		{46F3162C-5A3C-478C-9AC2-7A146EEB4A4E}.Release|x64.ActiveCfg = Release|Any CPU
		{46F3162C-5A3C-478C-9AC2-7A146EEB4A4E}.Release|x86.ActiveCfg = Release|Any CPU
		{C3FFF069-6D70-4ECC-9DD4-2181384F4B54}.Debug|Any CPU.ActiveCfg = Debug|Any CPU
		{C3FFF069-6D70-4ECC-9DD4-2181384F4B54}.Debug|Any CPU.Build.0 = Debug|Any CPU
		{C3FFF069-6D70-4ECC-9DD4-2181384F4B54}.Debug|ARM.ActiveCfg = Debug|ARM
		{C3FFF069-6D70-4ECC-9DD4-2181384F4B54}.Debug|ARM.Build.0 = Debug|ARM
		{C3FFF069-6D70-4ECC-9DD4-2181384F4B54}.Debug|Mixed Platforms.ActiveCfg = Debug|Any CPU
		{C3FFF069-6D70-4ECC-9DD4-2181384F4B54}.Debug|Mixed Platforms.Build.0 = Debug|Any CPU
		{C3FFF069-6D70-4ECC-9DD4-2181384F4B54}.Debug|Win32.ActiveCfg = Debug|x86
		{C3FFF069-6D70-4ECC-9DD4-2181384F4B54}.Debug|Win32.Build.0 = Debug|x86
		{C3FFF069-6D70-4ECC-9DD4-2181384F4B54}.Debug|x64.ActiveCfg = Debug|x64
		{C3FFF069-6D70-4ECC-9DD4-2181384F4B54}.Debug|x64.Build.0 = Debug|x64
		{C3FFF069-6D70-4ECC-9DD4-2181384F4B54}.Debug|x86.ActiveCfg = Debug|x86
		{C3FFF069-6D70-4ECC-9DD4-2181384F4B54}.Debug|x86.Build.0 = Debug|x86
		{C3FFF069-6D70-4ECC-9DD4-2181384F4B54}.Release|Any CPU.ActiveCfg = Release|Any CPU
		{C3FFF069-6D70-4ECC-9DD4-2181384F4B54}.Release|Any CPU.Build.0 = Release|Any CPU
		{C3FFF069-6D70-4ECC-9DD4-2181384F4B54}.Release|ARM.ActiveCfg = Release|ARM
		{C3FFF069-6D70-4ECC-9DD4-2181384F4B54}.Release|ARM.Build.0 = Release|ARM
		{C3FFF069-6D70-4ECC-9DD4-2181384F4B54}.Release|Mixed Platforms.ActiveCfg = Release|Any CPU
		{C3FFF069-6D70-4ECC-9DD4-2181384F4B54}.Release|Mixed Platforms.Build.0 = Release|Any CPU
		{C3FFF069-6D70-4ECC-9DD4-2181384F4B54}.Release|Win32.ActiveCfg = Release|x86
		{C3FFF069-6D70-4ECC-9DD4-2181384F4B54}.Release|Win32.Build.0 = Release|x86
		{C3FFF069-6D70-4ECC-9DD4-2181384F4B54}.Release|x64.ActiveCfg = Release|x64
		{C3FFF069-6D70-4ECC-9DD4-2181384F4B54}.Release|x64.Build.0 = Release|x64
		{C3FFF069-6D70-4ECC-9DD4-2181384F4B54}.Release|x86.ActiveCfg = Release|x86
		{C3FFF069-6D70-4ECC-9DD4-2181384F4B54}.Release|x86.Build.0 = Release|x86
		{FAA7F73C-6E96-4864-95D5-42E21038C576}.Debug|Any CPU.ActiveCfg = Debug|Any CPU
		{FAA7F73C-6E96-4864-95D5-42E21038C576}.Debug|Any CPU.Build.0 = Debug|Any CPU
		{FAA7F73C-6E96-4864-95D5-42E21038C576}.Debug|ARM.ActiveCfg = Debug|ARM
		{FAA7F73C-6E96-4864-95D5-42E21038C576}.Debug|ARM.Build.0 = Debug|ARM
		{FAA7F73C-6E96-4864-95D5-42E21038C576}.Debug|Mixed Platforms.ActiveCfg = Debug|Any CPU
		{FAA7F73C-6E96-4864-95D5-42E21038C576}.Debug|Mixed Platforms.Build.0 = Debug|Any CPU
		{FAA7F73C-6E96-4864-95D5-42E21038C576}.Debug|Win32.ActiveCfg = Debug|x86
		{FAA7F73C-6E96-4864-95D5-42E21038C576}.Debug|Win32.Build.0 = Debug|x86
		{FAA7F73C-6E96-4864-95D5-42E21038C576}.Debug|x64.ActiveCfg = Debug|Any CPU
		{FAA7F73C-6E96-4864-95D5-42E21038C576}.Debug|x86.ActiveCfg = Debug|x86
		{FAA7F73C-6E96-4864-95D5-42E21038C576}.Debug|x86.Build.0 = Debug|x86
		{FAA7F73C-6E96-4864-95D5-42E21038C576}.Release|Any CPU.ActiveCfg = Release|Any CPU
		{FAA7F73C-6E96-4864-95D5-42E21038C576}.Release|Any CPU.Build.0 = Release|Any CPU
		{FAA7F73C-6E96-4864-95D5-42E21038C576}.Release|ARM.ActiveCfg = Release|ARM
		{FAA7F73C-6E96-4864-95D5-42E21038C576}.Release|ARM.Build.0 = Release|ARM
		{FAA7F73C-6E96-4864-95D5-42E21038C576}.Release|Mixed Platforms.ActiveCfg = Release|Any CPU
		{FAA7F73C-6E96-4864-95D5-42E21038C576}.Release|Mixed Platforms.Build.0 = Release|Any CPU
		{FAA7F73C-6E96-4864-95D5-42E21038C576}.Release|Win32.ActiveCfg = Release|x86
		{FAA7F73C-6E96-4864-95D5-42E21038C576}.Release|Win32.Build.0 = Release|x86
		{FAA7F73C-6E96-4864-95D5-42E21038C576}.Release|x64.ActiveCfg = Release|Any CPU
		{FAA7F73C-6E96-4864-95D5-42E21038C576}.Release|x86.ActiveCfg = Release|x86
		{FAA7F73C-6E96-4864-95D5-42E21038C576}.Release|x86.Build.0 = Release|x86
		{1F56CD4B-907C-4225-A657-FDCEADAA5967}.Debug|Any CPU.ActiveCfg = Debug|Any CPU
		{1F56CD4B-907C-4225-A657-FDCEADAA5967}.Debug|Any CPU.Build.0 = Debug|Any CPU
		{1F56CD4B-907C-4225-A657-FDCEADAA5967}.Debug|ARM.ActiveCfg = Debug|Any CPU
		{1F56CD4B-907C-4225-A657-FDCEADAA5967}.Debug|Mixed Platforms.ActiveCfg = Debug|Any CPU
		{1F56CD4B-907C-4225-A657-FDCEADAA5967}.Debug|Mixed Platforms.Build.0 = Debug|Any CPU
		{1F56CD4B-907C-4225-A657-FDCEADAA5967}.Debug|Win32.ActiveCfg = Debug|Any CPU
		{1F56CD4B-907C-4225-A657-FDCEADAA5967}.Debug|x64.ActiveCfg = Debug|Any CPU
		{1F56CD4B-907C-4225-A657-FDCEADAA5967}.Debug|x86.ActiveCfg = Debug|Any CPU
		{1F56CD4B-907C-4225-A657-FDCEADAA5967}.Release|Any CPU.ActiveCfg = Release|Any CPU
		{1F56CD4B-907C-4225-A657-FDCEADAA5967}.Release|Any CPU.Build.0 = Release|Any CPU
		{1F56CD4B-907C-4225-A657-FDCEADAA5967}.Release|ARM.ActiveCfg = Release|Any CPU
		{1F56CD4B-907C-4225-A657-FDCEADAA5967}.Release|Mixed Platforms.ActiveCfg = Release|Any CPU
		{1F56CD4B-907C-4225-A657-FDCEADAA5967}.Release|Mixed Platforms.Build.0 = Release|Any CPU
		{1F56CD4B-907C-4225-A657-FDCEADAA5967}.Release|Win32.ActiveCfg = Release|Any CPU
		{1F56CD4B-907C-4225-A657-FDCEADAA5967}.Release|x64.ActiveCfg = Release|Any CPU
		{1F56CD4B-907C-4225-A657-FDCEADAA5967}.Release|x86.ActiveCfg = Release|Any CPU
		{C24CF9F2-6813-4708-9C9F-4C3531ACF5B6}.Debug|Any CPU.ActiveCfg = Debug|Any CPU
		{C24CF9F2-6813-4708-9C9F-4C3531ACF5B6}.Debug|Any CPU.Build.0 = Debug|Any CPU
		{C24CF9F2-6813-4708-9C9F-4C3531ACF5B6}.Debug|ARM.ActiveCfg = Debug|ARM
		{C24CF9F2-6813-4708-9C9F-4C3531ACF5B6}.Debug|ARM.Build.0 = Debug|ARM
		{C24CF9F2-6813-4708-9C9F-4C3531ACF5B6}.Debug|Mixed Platforms.ActiveCfg = Debug|x86
		{C24CF9F2-6813-4708-9C9F-4C3531ACF5B6}.Debug|Mixed Platforms.Build.0 = Debug|x86
		{C24CF9F2-6813-4708-9C9F-4C3531ACF5B6}.Debug|Win32.ActiveCfg = Debug|x86
		{C24CF9F2-6813-4708-9C9F-4C3531ACF5B6}.Debug|Win32.Build.0 = Debug|x86
		{C24CF9F2-6813-4708-9C9F-4C3531ACF5B6}.Debug|x64.ActiveCfg = Debug|Any CPU
		{C24CF9F2-6813-4708-9C9F-4C3531ACF5B6}.Debug|x86.ActiveCfg = Debug|x86
		{C24CF9F2-6813-4708-9C9F-4C3531ACF5B6}.Debug|x86.Build.0 = Debug|x86
		{C24CF9F2-6813-4708-9C9F-4C3531ACF5B6}.Release|Any CPU.ActiveCfg = Release|Any CPU
		{C24CF9F2-6813-4708-9C9F-4C3531ACF5B6}.Release|Any CPU.Build.0 = Release|Any CPU
		{C24CF9F2-6813-4708-9C9F-4C3531ACF5B6}.Release|ARM.ActiveCfg = Release|ARM
		{C24CF9F2-6813-4708-9C9F-4C3531ACF5B6}.Release|ARM.Build.0 = Release|ARM
		{C24CF9F2-6813-4708-9C9F-4C3531ACF5B6}.Release|Mixed Platforms.ActiveCfg = Release|x86
		{C24CF9F2-6813-4708-9C9F-4C3531ACF5B6}.Release|Mixed Platforms.Build.0 = Release|x86
		{C24CF9F2-6813-4708-9C9F-4C3531ACF5B6}.Release|Win32.ActiveCfg = Release|x86
		{C24CF9F2-6813-4708-9C9F-4C3531ACF5B6}.Release|Win32.Build.0 = Release|x86
		{C24CF9F2-6813-4708-9C9F-4C3531ACF5B6}.Release|x64.ActiveCfg = Release|Any CPU
		{C24CF9F2-6813-4708-9C9F-4C3531ACF5B6}.Release|x86.ActiveCfg = Release|x86
		{C24CF9F2-6813-4708-9C9F-4C3531ACF5B6}.Release|x86.Build.0 = Release|x86
	EndGlobalSection
	GlobalSection(SolutionProperties) = preSolution
		HideSolutionNode = FALSE
	EndGlobalSection
EndGlobal
