
Microsoft Visual Studio Solution File, Format Version 12.00
# Visual Studio 2012
Project("{FAE04EC0-301F-11D3-BF4B-00C04F79EFBC}") = "GoogleAnalytics.WP7", "GoogleAnalytics.WP7\GoogleAnalytics.WP7.csproj", "{CCAA0C50-AC5F-4BA7-82F5-FF1564BAF8C9}"
EndProject
Project("{FAE04EC0-301F-11D3-BF4B-00C04F79EFBC}") = "GoogleAnalytics.WP8", "GoogleAnalytics.WP8\GoogleAnalytics.WP8.csproj", "{A87CC344-03E7-47F4-AC88-9C624473BCC0}"
EndProject
Project("{262852C6-CD72-467D-83FE-5EEB1973A190}") = "Test.Win8.Js", "Test.Win8.Js\Test.Win8.Js.jsproj", "{09E0180B-5209-478E-8B3A-041B0CEB2FF7}"
EndProject
Project("{FAE04EC0-301F-11D3-BF4B-00C04F79EFBC}") = "Test.Win8.Xaml", "Test.Win8.Xaml\Test.Win8.Xaml.csproj", "{0986DD22-4475-4A3A-9312-0E0F65DB5C82}"
EndProject
Project("{FAE04EC0-301F-11D3-BF4B-00C04F79EFBC}") = "GoogleAnalytics.Win8", "GoogleAnalytics.Win8\GoogleAnalytics.Win8.csproj", "{35451DDD-2074-45B8-960B-F3A99D0189C6}"
EndProject
Project("{FAE04EC0-301F-11D3-BF4B-00C04F79EFBC}") = "Test.WP7", "Test.WP7\Test.WP7.csproj", "{34D8DA2C-D7AD-4832-9BAC-00C718017C18}"
EndProject
Project("{FAE04EC0-301F-11D3-BF4B-00C04F79EFBC}") = "Test.WP8", "Test.WP8\Test.WP8.csproj", "{FA6631C4-77A7-42BB-8B69-8E218B024A52}"
EndProject
Project("{2150E333-8FDC-42A3-9474-1A3956D46DE8}") = "SolutionItems", "SolutionItems", "{49915F9D-916A-420D-8734-AAF8A2A34362}"
	ProjectSection(SolutionItems) = preProject
		SolutionItems\SharedAssemblyInfo.cs = SolutionItems\SharedAssemblyInfo.cs
	EndProjectSection
EndProject
Global
	GlobalSection(SolutionConfigurationPlatforms) = preSolution
		Debug|Any CPU = Debug|Any CPU
		Debug|ARM = Debug|ARM
		Debug|x64 = Debug|x64
		Debug|x86 = Debug|x86
		Release|Any CPU = Release|Any CPU
		Release|ARM = Release|ARM
		Release|x64 = Release|x64
		Release|x86 = Release|x86
	EndGlobalSection
	GlobalSection(ProjectConfigurationPlatforms) = postSolution
		{CCAA0C50-AC5F-4BA7-82F5-FF1564BAF8C9}.Debug|Any CPU.ActiveCfg = Debug|Any CPU
		{CCAA0C50-AC5F-4BA7-82F5-FF1564BAF8C9}.Debug|Any CPU.Build.0 = Debug|Any CPU
		{CCAA0C50-AC5F-4BA7-82F5-FF1564BAF8C9}.Debug|ARM.ActiveCfg = Debug|Any CPU
		{CCAA0C50-AC5F-4BA7-82F5-FF1564BAF8C9}.Debug|x64.ActiveCfg = Debug|Any CPU
		{CCAA0C50-AC5F-4BA7-82F5-FF1564BAF8C9}.Debug|x86.ActiveCfg = Debug|Any CPU
		{CCAA0C50-AC5F-4BA7-82F5-FF1564BAF8C9}.Release|Any CPU.ActiveCfg = Release|Any CPU
		{CCAA0C50-AC5F-4BA7-82F5-FF1564BAF8C9}.Release|Any CPU.Build.0 = Release|Any CPU
		{CCAA0C50-AC5F-4BA7-82F5-FF1564BAF8C9}.Release|ARM.ActiveCfg = Release|Any CPU
		{CCAA0C50-AC5F-4BA7-82F5-FF1564BAF8C9}.Release|x64.ActiveCfg = Release|Any CPU
		{CCAA0C50-AC5F-4BA7-82F5-FF1564BAF8C9}.Release|x86.ActiveCfg = Release|Any CPU
		{A87CC344-03E7-47F4-AC88-9C624473BCC0}.Debug|Any CPU.ActiveCfg = Debug|Any CPU
		{A87CC344-03E7-47F4-AC88-9C624473BCC0}.Debug|Any CPU.Build.0 = Debug|Any CPU
		{A87CC344-03E7-47F4-AC88-9C624473BCC0}.Debug|ARM.ActiveCfg = Debug|ARM
		{A87CC344-03E7-47F4-AC88-9C624473BCC0}.Debug|ARM.Build.0 = Debug|ARM
		{A87CC344-03E7-47F4-AC88-9C624473BCC0}.Debug|x64.ActiveCfg = Debug|Any CPU
		{A87CC344-03E7-47F4-AC88-9C624473BCC0}.Debug|x86.ActiveCfg = Debug|x86
		{A87CC344-03E7-47F4-AC88-9C624473BCC0}.Debug|x86.Build.0 = Debug|x86
		{A87CC344-03E7-47F4-AC88-9C624473BCC0}.Release|Any CPU.ActiveCfg = Release|Any CPU
		{A87CC344-03E7-47F4-AC88-9C624473BCC0}.Release|Any CPU.Build.0 = Release|Any CPU
		{A87CC344-03E7-47F4-AC88-9C624473BCC0}.Release|ARM.ActiveCfg = Release|ARM
		{A87CC344-03E7-47F4-AC88-9C624473BCC0}.Release|ARM.Build.0 = Release|ARM
		{A87CC344-03E7-47F4-AC88-9C624473BCC0}.Release|x64.ActiveCfg = Release|Any CPU
		{A87CC344-03E7-47F4-AC88-9C624473BCC0}.Release|x86.ActiveCfg = Release|x86
		{A87CC344-03E7-47F4-AC88-9C624473BCC0}.Release|x86.Build.0 = Release|x86
		{09E0180B-5209-478E-8B3A-041B0CEB2FF7}.Debug|Any CPU.ActiveCfg = Debug|Any CPU
		{09E0180B-5209-478E-8B3A-041B0CEB2FF7}.Debug|Any CPU.Build.0 = Debug|Any CPU
		{09E0180B-5209-478E-8B3A-041B0CEB2FF7}.Debug|Any CPU.Deploy.0 = Debug|Any CPU
		{09E0180B-5209-478E-8B3A-041B0CEB2FF7}.Debug|ARM.ActiveCfg = Debug|ARM
		{09E0180B-5209-478E-8B3A-041B0CEB2FF7}.Debug|ARM.Build.0 = Debug|ARM
		{09E0180B-5209-478E-8B3A-041B0CEB2FF7}.Debug|ARM.Deploy.0 = Debug|ARM
		{09E0180B-5209-478E-8B3A-041B0CEB2FF7}.Debug|x64.ActiveCfg = Debug|x64
		{09E0180B-5209-478E-8B3A-041B0CEB2FF7}.Debug|x64.Build.0 = Debug|x64
		{09E0180B-5209-478E-8B3A-041B0CEB2FF7}.Debug|x64.Deploy.0 = Debug|x64
		{09E0180B-5209-478E-8B3A-041B0CEB2FF7}.Debug|x86.ActiveCfg = Debug|x86
		{09E0180B-5209-478E-8B3A-041B0CEB2FF7}.Debug|x86.Build.0 = Debug|x86
		{09E0180B-5209-478E-8B3A-041B0CEB2FF7}.Debug|x86.Deploy.0 = Debug|x86
		{09E0180B-5209-478E-8B3A-041B0CEB2FF7}.Release|Any CPU.ActiveCfg = Release|Any CPU
		{09E0180B-5209-478E-8B3A-041B0CEB2FF7}.Release|Any CPU.Build.0 = Release|Any CPU
		{09E0180B-5209-478E-8B3A-041B0CEB2FF7}.Release|Any CPU.Deploy.0 = Release|Any CPU
		{09E0180B-5209-478E-8B3A-041B0CEB2FF7}.Release|ARM.ActiveCfg = Release|ARM
		{09E0180B-5209-478E-8B3A-041B0CEB2FF7}.Release|ARM.Build.0 = Release|ARM
		{09E0180B-5209-478E-8B3A-041B0CEB2FF7}.Release|ARM.Deploy.0 = Release|ARM
		{09E0180B-5209-478E-8B3A-041B0CEB2FF7}.Release|x64.ActiveCfg = Release|x64
		{09E0180B-5209-478E-8B3A-041B0CEB2FF7}.Release|x64.Build.0 = Release|x64
		{09E0180B-5209-478E-8B3A-041B0CEB2FF7}.Release|x64.Deploy.0 = Release|x64
		{09E0180B-5209-478E-8B3A-041B0CEB2FF7}.Release|x86.ActiveCfg = Release|x86
		{09E0180B-5209-478E-8B3A-041B0CEB2FF7}.Release|x86.Build.0 = Release|x86
		{09E0180B-5209-478E-8B3A-041B0CEB2FF7}.Release|x86.Deploy.0 = Release|x86
		{0986DD22-4475-4A3A-9312-0E0F65DB5C82}.Debug|Any CPU.ActiveCfg = Debug|Any CPU
		{0986DD22-4475-4A3A-9312-0E0F65DB5C82}.Debug|Any CPU.Build.0 = Debug|Any CPU
		{0986DD22-4475-4A3A-9312-0E0F65DB5C82}.Debug|Any CPU.Deploy.0 = Debug|Any CPU
		{0986DD22-4475-4A3A-9312-0E0F65DB5C82}.Debug|ARM.ActiveCfg = Debug|ARM
		{0986DD22-4475-4A3A-9312-0E0F65DB5C82}.Debug|ARM.Build.0 = Debug|ARM
		{0986DD22-4475-4A3A-9312-0E0F65DB5C82}.Debug|ARM.Deploy.0 = Debug|ARM
		{0986DD22-4475-4A3A-9312-0E0F65DB5C82}.Debug|x64.ActiveCfg = Debug|x64
		{0986DD22-4475-4A3A-9312-0E0F65DB5C82}.Debug|x64.Build.0 = Debug|x64
		{0986DD22-4475-4A3A-9312-0E0F65DB5C82}.Debug|x64.Deploy.0 = Debug|x64
		{0986DD22-4475-4A3A-9312-0E0F65DB5C82}.Debug|x86.ActiveCfg = Debug|x86
		{0986DD22-4475-4A3A-9312-0E0F65DB5C82}.Debug|x86.Build.0 = Debug|x86
		{0986DD22-4475-4A3A-9312-0E0F65DB5C82}.Debug|x86.Deploy.0 = Debug|x86
		{0986DD22-4475-4A3A-9312-0E0F65DB5C82}.Release|Any CPU.ActiveCfg = Release|Any CPU
		{0986DD22-4475-4A3A-9312-0E0F65DB5C82}.Release|Any CPU.Build.0 = Release|Any CPU
		{0986DD22-4475-4A3A-9312-0E0F65DB5C82}.Release|Any CPU.Deploy.0 = Release|Any CPU
		{0986DD22-4475-4A3A-9312-0E0F65DB5C82}.Release|ARM.ActiveCfg = Release|ARM
		{0986DD22-4475-4A3A-9312-0E0F65DB5C82}.Release|ARM.Build.0 = Release|ARM
		{0986DD22-4475-4A3A-9312-0E0F65DB5C82}.Release|ARM.Deploy.0 = Release|ARM
		{0986DD22-4475-4A3A-9312-0E0F65DB5C82}.Release|x64.ActiveCfg = Release|x64
		{0986DD22-4475-4A3A-9312-0E0F65DB5C82}.Release|x64.Build.0 = Release|x64
		{0986DD22-4475-4A3A-9312-0E0F65DB5C82}.Release|x64.Deploy.0 = Release|x64
		{0986DD22-4475-4A3A-9312-0E0F65DB5C82}.Release|x86.ActiveCfg = Release|x86
		{0986DD22-4475-4A3A-9312-0E0F65DB5C82}.Release|x86.Build.0 = Release|x86
		{0986DD22-4475-4A3A-9312-0E0F65DB5C82}.Release|x86.Deploy.0 = Release|x86
		{35451DDD-2074-45B8-960B-F3A99D0189C6}.Debug|Any CPU.ActiveCfg = Debug|Any CPU
		{35451DDD-2074-45B8-960B-F3A99D0189C6}.Debug|Any CPU.Build.0 = Debug|Any CPU
		{35451DDD-2074-45B8-960B-F3A99D0189C6}.Debug|ARM.ActiveCfg = Debug|ARM
		{35451DDD-2074-45B8-960B-F3A99D0189C6}.Debug|ARM.Build.0 = Debug|ARM
		{35451DDD-2074-45B8-960B-F3A99D0189C6}.Debug|x64.ActiveCfg = Debug|x64
		{35451DDD-2074-45B8-960B-F3A99D0189C6}.Debug|x64.Build.0 = Debug|x64
		{35451DDD-2074-45B8-960B-F3A99D0189C6}.Debug|x86.ActiveCfg = Debug|x86
		{35451DDD-2074-45B8-960B-F3A99D0189C6}.Debug|x86.Build.0 = Debug|x86
		{35451DDD-2074-45B8-960B-F3A99D0189C6}.Release|Any CPU.ActiveCfg = Release|Any CPU
		{35451DDD-2074-45B8-960B-F3A99D0189C6}.Release|Any CPU.Build.0 = Release|Any CPU
		{35451DDD-2074-45B8-960B-F3A99D0189C6}.Release|ARM.ActiveCfg = Release|ARM
		{35451DDD-2074-45B8-960B-F3A99D0189C6}.Release|ARM.Build.0 = Release|ARM
		{35451DDD-2074-45B8-960B-F3A99D0189C6}.Release|x64.ActiveCfg = Release|x64
		{35451DDD-2074-45B8-960B-F3A99D0189C6}.Release|x64.Build.0 = Release|x64
		{35451DDD-2074-45B8-960B-F3A99D0189C6}.Release|x86.ActiveCfg = Release|x86
		{35451DDD-2074-45B8-960B-F3A99D0189C6}.Release|x86.Build.0 = Release|x86
		{34D8DA2C-D7AD-4832-9BAC-00C718017C18}.Debug|Any CPU.ActiveCfg = Debug|Any CPU
		{34D8DA2C-D7AD-4832-9BAC-00C718017C18}.Debug|Any CPU.Build.0 = Debug|Any CPU
		{34D8DA2C-D7AD-4832-9BAC-00C718017C18}.Debug|Any CPU.Deploy.0 = Debug|Any CPU
		{34D8DA2C-D7AD-4832-9BAC-00C718017C18}.Debug|ARM.ActiveCfg = Debug|Any CPU
		{34D8DA2C-D7AD-4832-9BAC-00C718017C18}.Debug|x64.ActiveCfg = Debug|Any CPU
		{34D8DA2C-D7AD-4832-9BAC-00C718017C18}.Debug|x86.ActiveCfg = Debug|Any CPU
		{34D8DA2C-D7AD-4832-9BAC-00C718017C18}.Release|Any CPU.ActiveCfg = Release|Any CPU
		{34D8DA2C-D7AD-4832-9BAC-00C718017C18}.Release|Any CPU.Build.0 = Release|Any CPU
		{34D8DA2C-D7AD-4832-9BAC-00C718017C18}.Release|Any CPU.Deploy.0 = Release|Any CPU
		{34D8DA2C-D7AD-4832-9BAC-00C718017C18}.Release|ARM.ActiveCfg = Release|Any CPU
		{34D8DA2C-D7AD-4832-9BAC-00C718017C18}.Release|x64.ActiveCfg = Release|Any CPU
		{34D8DA2C-D7AD-4832-9BAC-00C718017C18}.Release|x86.ActiveCfg = Release|Any CPU
		{FA6631C4-77A7-42BB-8B69-8E218B024A52}.Debug|Any CPU.ActiveCfg = Debug|Any CPU
		{FA6631C4-77A7-42BB-8B69-8E218B024A52}.Debug|Any CPU.Build.0 = Debug|Any CPU
		{FA6631C4-77A7-42BB-8B69-8E218B024A52}.Debug|Any CPU.Deploy.0 = Debug|Any CPU
		{FA6631C4-77A7-42BB-8B69-8E218B024A52}.Debug|ARM.ActiveCfg = Debug|ARM
		{FA6631C4-77A7-42BB-8B69-8E218B024A52}.Debug|ARM.Build.0 = Debug|ARM
		{FA6631C4-77A7-42BB-8B69-8E218B024A52}.Debug|ARM.Deploy.0 = Debug|ARM
		{FA6631C4-77A7-42BB-8B69-8E218B024A52}.Debug|x64.ActiveCfg = Debug|Any CPU
		{FA6631C4-77A7-42BB-8B69-8E218B024A52}.Debug|x86.ActiveCfg = Debug|x86
		{FA6631C4-77A7-42BB-8B69-8E218B024A52}.Debug|x86.Build.0 = Debug|x86
		{FA6631C4-77A7-42BB-8B69-8E218B024A52}.Debug|x86.Deploy.0 = Debug|x86
		{FA6631C4-77A7-42BB-8B69-8E218B024A52}.Release|Any CPU.ActiveCfg = Release|Any CPU
		{FA6631C4-77A7-42BB-8B69-8E218B024A52}.Release|Any CPU.Build.0 = Release|Any CPU
		{FA6631C4-77A7-42BB-8B69-8E218B024A52}.Release|Any CPU.Deploy.0 = Release|Any CPU
		{FA6631C4-77A7-42BB-8B69-8E218B024A52}.Release|ARM.ActiveCfg = Release|ARM
		{FA6631C4-77A7-42BB-8B69-8E218B024A52}.Release|ARM.Build.0 = Release|ARM
		{FA6631C4-77A7-42BB-8B69-8E218B024A52}.Release|ARM.Deploy.0 = Release|ARM
		{FA6631C4-77A7-42BB-8B69-8E218B024A52}.Release|x64.ActiveCfg = Release|Any CPU
		{FA6631C4-77A7-42BB-8B69-8E218B024A52}.Release|x86.ActiveCfg = Release|x86
		{FA6631C4-77A7-42BB-8B69-8E218B024A52}.Release|x86.Build.0 = Release|x86
		{FA6631C4-77A7-42BB-8B69-8E218B024A52}.Release|x86.Deploy.0 = Release|x86
	EndGlobalSection
	GlobalSection(SolutionProperties) = preSolution
		HideSolutionNode = FALSE
	EndGlobalSection
EndGlobal
