
Microsoft Visual Studio Solution File, Format Version 12.00
# Visual Studio 2012
Project("{FAE04EC0-301F-11D3-BF4B-00C04F79EFBC}") = "GoogleAnalytics.WP7", "GoogleAnalytics.WP7\GoogleAnalytics.WP7.csproj", "{CCAA0C50-AC5F-4BA7-82F5-FF1564BAF8C9}"
EndProject
Project("{FAE04EC0-301F-11D3-BF4B-00C04F79EFBC}") = "GoogleAnalytics.WP8", "GoogleAnalytics.WP8\GoogleAnalytics.WP8.csproj", "{A87CC344-03E7-47F4-AC88-9C624473BCC0}"
EndProject
Project("{262852C6-CD72-467D-83FE-5EEB1973A190}") = "Test.Win8.Js", "Test.Win8.Js\Test.Win8.Js.jsproj", "{09E0180B-5209-478E-8B3A-041B0CEB2FF7}"
EndProject
Project("{FAE04EC0-301F-11D3-BF4B-00C04F79EFBC}") = "Test.Win8.Xaml", "Test.Win8.Xaml\Test.Win8.Xaml.csproj", "{0986DD22-4475-4A3A-9312-0E0F65DB5C82}"
EndProject
Project("{FAE04EC0-301F-11D3-BF4B-00C04F79EFBC}") = "GoogleAnalytics.Win8", "GoogleAnalytics.Win8\GoogleAnalytics.Win8.csproj", "{35451DDD-2074-45B8-960B-F3A99D0189C6}"
EndProject
Project("{FAE04EC0-301F-11D3-BF4B-00C04F79EFBC}") = "Test.WP7", "Test.WP7\Test.WP7.csproj", "{34D8DA2C-D7AD-4832-9BAC-00C718017C18}"
EndProject
Project("{FAE04EC0-301F-11D3-BF4B-00C04F79EFBC}") = "Test.WP8", "Test.WP8\Test.WP8.csproj", "{FA6631C4-77A7-42BB-8B69-8E218B024A52}"
EndProject
Project("{8BC9CEB8-8B4A-11D0-8D11-00A0C91BC942}") = "GoogleAnalytics.Native", "GoogleAnalytics.Native\GoogleAnalytics.Native.vcxproj", "{428A7347-28DC-4E0A-85E8-4FB0B890A784}"
EndProject
Project("{2150E333-8FDC-42A3-9474-1A3956D46DE8}") = "SolutionItems", "SolutionItems", "{49915F9D-916A-420D-8734-AAF8A2A34362}"
	ProjectSection(SolutionItems) = preProject
		SolutionItems\SharedAssemblyInfo.cs = SolutionItems\SharedAssemblyInfo.cs
	EndProjectSection
EndProject
Project("{FAE04EC0-301F-11D3-BF4B-00C04F79EFBC}") = "GoogleAnalytics.Portable", "GoogleAnalytics.Portable\GoogleAnalytics.Portable.csproj", "{74B2DA2C-5B3D-4A08-954D-3ACDFBFA44F9}"
EndProject
Project("{FAE04EC0-301F-11D3-BF4B-00C04F79EFBC}") = "GoogleAnalytics.Managed.Win80", "GoogleAnalytics.Managed.Win80\GoogleAnalytics.Managed.Win80.csproj", "{DF6121D9-BDF6-4E9B-AFBA-726F822E6DCE}"
EndProject
Project("{FAE04EC0-301F-11D3-BF4B-00C04F79EFBC}") = "GoogleAnalytics.SL.WP71", "GoogleAnalytics.SL.WP71\GoogleAnalytics.SL.WP71.csproj", "{4A0CB5A0-B620-4D4B-A365-ABA1D88913A0}"
EndProject
Project("{FAE04EC0-301F-11D3-BF4B-00C04F79EFBC}") = "GoogleAnalytics.SL.WP80", "GoogleAnalytics.SL.WP80\GoogleAnalytics.SL.WP80.csproj", "{6B3E81FA-9709-44DA-BE3F-30D672F30E34}"
EndProject
Project("{FAE04EC0-301F-11D3-BF4B-00C04F79EFBC}") = "Test.WP8.Agent", "Test.WP8.Agent\Test.WP8.Agent.csproj", "{A7F34CFD-F370-4B34-83BD-1A51ED065EC4}"
EndProject
Global
	GlobalSection(SolutionConfigurationPlatforms) = preSolution
		Debug|Any CPU = Debug|Any CPU
		Debug|ARM = Debug|ARM
		Debug|Mixed Platforms = Debug|Mixed Platforms
		Debug|Win32 = Debug|Win32
		Debug|x64 = Debug|x64
		Debug|x86 = Debug|x86
		Release|Any CPU = Release|Any CPU
		Release|ARM = Release|ARM
		Release|Mixed Platforms = Release|Mixed Platforms
		Release|Win32 = Release|Win32
		Release|x64 = Release|x64
		Release|x86 = Release|x86
	EndGlobalSection
	GlobalSection(ProjectConfigurationPlatforms) = postSolution
		{CCAA0C50-AC5F-4BA7-82F5-FF1564BAF8C9}.Debug|Any CPU.ActiveCfg = Debug|Any CPU
		{CCAA0C50-AC5F-4BA7-82F5-FF1564BAF8C9}.Debug|Any CPU.Build.0 = Debug|Any CPU
		{CCAA0C50-AC5F-4BA7-82F5-FF1564BAF8C9}.Debug|ARM.ActiveCfg = Debug|Any CPU
		{CCAA0C50-AC5F-4BA7-82F5-FF1564BAF8C9}.Debug|Mixed Platforms.ActiveCfg = Debug|Any CPU
		{CCAA0C50-AC5F-4BA7-82F5-FF1564BAF8C9}.Debug|Mixed Platforms.Build.0 = Debug|Any CPU
		{CCAA0C50-AC5F-4BA7-82F5-FF1564BAF8C9}.Debug|Win32.ActiveCfg = Debug|Any CPU
		{CCAA0C50-AC5F-4BA7-82F5-FF1564BAF8C9}.Debug|x64.ActiveCfg = Debug|Any CPU
		{CCAA0C50-AC5F-4BA7-82F5-FF1564BAF8C9}.Debug|x86.ActiveCfg = Debug|Any CPU
		{CCAA0C50-AC5F-4BA7-82F5-FF1564BAF8C9}.Release|Any CPU.ActiveCfg = Release|Any CPU
		{CCAA0C50-AC5F-4BA7-82F5-FF1564BAF8C9}.Release|Any CPU.Build.0 = Release|Any CPU
		{CCAA0C50-AC5F-4BA7-82F5-FF1564BAF8C9}.Release|ARM.ActiveCfg = Release|Any CPU
		{CCAA0C50-AC5F-4BA7-82F5-FF1564BAF8C9}.Release|Mixed Platforms.ActiveCfg = Release|Any CPU
		{CCAA0C50-AC5F-4BA7-82F5-FF1564BAF8C9}.Release|Mixed Platforms.Build.0 = Release|Any CPU
		{CCAA0C50-AC5F-4BA7-82F5-FF1564BAF8C9}.Release|Win32.ActiveCfg = Release|Any CPU
		{CCAA0C50-AC5F-4BA7-82F5-FF1564BAF8C9}.Release|x64.ActiveCfg = Release|Any CPU
		{CCAA0C50-AC5F-4BA7-82F5-FF1564BAF8C9}.Release|x86.ActiveCfg = Release|Any CPU
		{A87CC344-03E7-47F4-AC88-9C624473BCC0}.Debug|Any CPU.ActiveCfg = Debug|Any CPU
		{A87CC344-03E7-47F4-AC88-9C624473BCC0}.Debug|Any CPU.Build.0 = Debug|Any CPU
		{A87CC344-03E7-47F4-AC88-9C624473BCC0}.Debug|ARM.ActiveCfg = Debug|ARM
		{A87CC344-03E7-47F4-AC88-9C624473BCC0}.Debug|ARM.Build.0 = Debug|ARM
		{A87CC344-03E7-47F4-AC88-9C624473BCC0}.Debug|Mixed Platforms.ActiveCfg = Debug|Any CPU
		{A87CC344-03E7-47F4-AC88-9C624473BCC0}.Debug|Mixed Platforms.Build.0 = Debug|Any CPU
		{A87CC344-03E7-47F4-AC88-9C624473BCC0}.Debug|Win32.ActiveCfg = Debug|x86
		{A87CC344-03E7-47F4-AC88-9C624473BCC0}.Debug|Win32.Build.0 = Debug|x86
		{A87CC344-03E7-47F4-AC88-9C624473BCC0}.Debug|x64.ActiveCfg = Debug|Any CPU
		{A87CC344-03E7-47F4-AC88-9C624473BCC0}.Debug|x86.ActiveCfg = Debug|x86
		{A87CC344-03E7-47F4-AC88-9C624473BCC0}.Debug|x86.Build.0 = Debug|x86
		{A87CC344-03E7-47F4-AC88-9C624473BCC0}.Release|Any CPU.ActiveCfg = Release|Any CPU
		{A87CC344-03E7-47F4-AC88-9C624473BCC0}.Release|Any CPU.Build.0 = Release|Any CPU
		{A87CC344-03E7-47F4-AC88-9C624473BCC0}.Release|ARM.ActiveCfg = Release|ARM
		{A87CC344-03E7-47F4-AC88-9C624473BCC0}.Release|ARM.Build.0 = Release|ARM
		{A87CC344-03E7-47F4-AC88-9C624473BCC0}.Release|Mixed Platforms.ActiveCfg = Release|Any CPU
		{A87CC344-03E7-47F4-AC88-9C624473BCC0}.Release|Mixed Platforms.Build.0 = Release|Any CPU
		{A87CC344-03E7-47F4-AC88-9C624473BCC0}.Release|Win32.ActiveCfg = Release|x86
		{A87CC344-03E7-47F4-AC88-9C624473BCC0}.Release|Win32.Build.0 = Release|x86
		{A87CC344-03E7-47F4-AC88-9C624473BCC0}.Release|x64.ActiveCfg = Release|Any CPU
		{A87CC344-03E7-47F4-AC88-9C624473BCC0}.Release|x86.ActiveCfg = Release|x86
		{A87CC344-03E7-47F4-AC88-9C624473BCC0}.Release|x86.Build.0 = Release|x86
		{09E0180B-5209-478E-8B3A-041B0CEB2FF7}.Debug|Any CPU.ActiveCfg = Debug|x64
		{09E0180B-5209-478E-8B3A-041B0CEB2FF7}.Debug|Any CPU.Build.0 = Debug|x64
		{09E0180B-5209-478E-8B3A-041B0CEB2FF7}.Debug|Any CPU.Deploy.0 = Debug|x64
		{09E0180B-5209-478E-8B3A-041B0CEB2FF7}.Debug|ARM.ActiveCfg = Debug|ARM
		{09E0180B-5209-478E-8B3A-041B0CEB2FF7}.Debug|ARM.Build.0 = Debug|ARM
		{09E0180B-5209-478E-8B3A-041B0CEB2FF7}.Debug|ARM.Deploy.0 = Debug|ARM
		{09E0180B-5209-478E-8B3A-041B0CEB2FF7}.Debug|Mixed Platforms.ActiveCfg = Debug|x86
		{09E0180B-5209-478E-8B3A-041B0CEB2FF7}.Debug|Mixed Platforms.Build.0 = Debug|x86
		{09E0180B-5209-478E-8B3A-041B0CEB2FF7}.Debug|Mixed Platforms.Deploy.0 = Debug|x86
		{09E0180B-5209-478E-8B3A-041B0CEB2FF7}.Debug|Win32.ActiveCfg = Debug|x86
		{09E0180B-5209-478E-8B3A-041B0CEB2FF7}.Debug|Win32.Build.0 = Debug|x86
		{09E0180B-5209-478E-8B3A-041B0CEB2FF7}.Debug|Win32.Deploy.0 = Debug|x86
		{09E0180B-5209-478E-8B3A-041B0CEB2FF7}.Debug|x64.ActiveCfg = Debug|x64
		{09E0180B-5209-478E-8B3A-041B0CEB2FF7}.Debug|x64.Build.0 = Debug|x64
		{09E0180B-5209-478E-8B3A-041B0CEB2FF7}.Debug|x64.Deploy.0 = Debug|x64
		{09E0180B-5209-478E-8B3A-041B0CEB2FF7}.Debug|x86.ActiveCfg = Debug|x86
		{09E0180B-5209-478E-8B3A-041B0CEB2FF7}.Debug|x86.Build.0 = Debug|x86
		{09E0180B-5209-478E-8B3A-041B0CEB2FF7}.Debug|x86.Deploy.0 = Debug|x86
		{09E0180B-5209-478E-8B3A-041B0CEB2FF7}.Release|Any CPU.ActiveCfg = Release|x64
		{09E0180B-5209-478E-8B3A-041B0CEB2FF7}.Release|Any CPU.Build.0 = Release|x64
		{09E0180B-5209-478E-8B3A-041B0CEB2FF7}.Release|Any CPU.Deploy.0 = Release|x64
		{09E0180B-5209-478E-8B3A-041B0CEB2FF7}.Release|ARM.ActiveCfg = Release|ARM
		{09E0180B-5209-478E-8B3A-041B0CEB2FF7}.Release|ARM.Build.0 = Release|ARM
		{09E0180B-5209-478E-8B3A-041B0CEB2FF7}.Release|ARM.Deploy.0 = Release|ARM
		{09E0180B-5209-478E-8B3A-041B0CEB2FF7}.Release|Mixed Platforms.ActiveCfg = Release|x86
		{09E0180B-5209-478E-8B3A-041B0CEB2FF7}.Release|Mixed Platforms.Build.0 = Release|x86
		{09E0180B-5209-478E-8B3A-041B0CEB2FF7}.Release|Mixed Platforms.Deploy.0 = Release|x86
		{09E0180B-5209-478E-8B3A-041B0CEB2FF7}.Release|Win32.ActiveCfg = Release|x86
		{09E0180B-5209-478E-8B3A-041B0CEB2FF7}.Release|Win32.Build.0 = Release|x86
		{09E0180B-5209-478E-8B3A-041B0CEB2FF7}.Release|Win32.Deploy.0 = Release|x86
		{09E0180B-5209-478E-8B3A-041B0CEB2FF7}.Release|x64.ActiveCfg = Release|x64
		{09E0180B-5209-478E-8B3A-041B0CEB2FF7}.Release|x64.Build.0 = Release|x64
		{09E0180B-5209-478E-8B3A-041B0CEB2FF7}.Release|x64.Deploy.0 = Release|x64
		{09E0180B-5209-478E-8B3A-041B0CEB2FF7}.Release|x86.ActiveCfg = Release|x86
		{09E0180B-5209-478E-8B3A-041B0CEB2FF7}.Release|x86.Build.0 = Release|x86
		{09E0180B-5209-478E-8B3A-041B0CEB2FF7}.Release|x86.Deploy.0 = Release|x86
		{0986DD22-4475-4A3A-9312-0E0F65DB5C82}.Debug|Any CPU.ActiveCfg = Debug|Any CPU
		{0986DD22-4475-4A3A-9312-0E0F65DB5C82}.Debug|Any CPU.Build.0 = Debug|Any CPU
		{0986DD22-4475-4A3A-9312-0E0F65DB5C82}.Debug|Any CPU.Deploy.0 = Debug|Any CPU
		{0986DD22-4475-4A3A-9312-0E0F65DB5C82}.Debug|ARM.ActiveCfg = Debug|ARM
		{0986DD22-4475-4A3A-9312-0E0F65DB5C82}.Debug|ARM.Build.0 = Debug|ARM
		{0986DD22-4475-4A3A-9312-0E0F65DB5C82}.Debug|ARM.Deploy.0 = Debug|ARM
		{0986DD22-4475-4A3A-9312-0E0F65DB5C82}.Debug|Mixed Platforms.ActiveCfg = Debug|Any CPU
		{0986DD22-4475-4A3A-9312-0E0F65DB5C82}.Debug|Mixed Platforms.Build.0 = Debug|Any CPU
		{0986DD22-4475-4A3A-9312-0E0F65DB5C82}.Debug|Mixed Platforms.Deploy.0 = Debug|Any CPU
		{0986DD22-4475-4A3A-9312-0E0F65DB5C82}.Debug|Win32.ActiveCfg = Debug|x86
		{0986DD22-4475-4A3A-9312-0E0F65DB5C82}.Debug|Win32.Build.0 = Debug|x86
		{0986DD22-4475-4A3A-9312-0E0F65DB5C82}.Debug|Win32.Deploy.0 = Debug|x86
		{0986DD22-4475-4A3A-9312-0E0F65DB5C82}.Debug|x64.ActiveCfg = Debug|x64
		{0986DD22-4475-4A3A-9312-0E0F65DB5C82}.Debug|x64.Build.0 = Debug|x64
		{0986DD22-4475-4A3A-9312-0E0F65DB5C82}.Debug|x64.Deploy.0 = Debug|x64
		{0986DD22-4475-4A3A-9312-0E0F65DB5C82}.Debug|x86.ActiveCfg = Debug|x86
		{0986DD22-4475-4A3A-9312-0E0F65DB5C82}.Debug|x86.Build.0 = Debug|x86
		{0986DD22-4475-4A3A-9312-0E0F65DB5C82}.Debug|x86.Deploy.0 = Debug|x86
		{0986DD22-4475-4A3A-9312-0E0F65DB5C82}.Release|Any CPU.ActiveCfg = Release|Any CPU
		{0986DD22-4475-4A3A-9312-0E0F65DB5C82}.Release|Any CPU.Build.0 = Release|Any CPU
		{0986DD22-4475-4A3A-9312-0E0F65DB5C82}.Release|Any CPU.Deploy.0 = Release|Any CPU
		{0986DD22-4475-4A3A-9312-0E0F65DB5C82}.Release|ARM.ActiveCfg = Release|ARM
		{0986DD22-4475-4A3A-9312-0E0F65DB5C82}.Release|ARM.Build.0 = Release|ARM
		{0986DD22-4475-4A3A-9312-0E0F65DB5C82}.Release|ARM.Deploy.0 = Release|ARM
		{0986DD22-4475-4A3A-9312-0E0F65DB5C82}.Release|Mixed Platforms.ActiveCfg = Release|Any CPU
		{0986DD22-4475-4A3A-9312-0E0F65DB5C82}.Release|Mixed Platforms.Build.0 = Release|Any CPU
		{0986DD22-4475-4A3A-9312-0E0F65DB5C82}.Release|Mixed Platforms.Deploy.0 = Release|Any CPU
		{0986DD22-4475-4A3A-9312-0E0F65DB5C82}.Release|Win32.ActiveCfg = Release|x86
		{0986DD22-4475-4A3A-9312-0E0F65DB5C82}.Release|Win32.Build.0 = Release|x86
		{0986DD22-4475-4A3A-9312-0E0F65DB5C82}.Release|Win32.Deploy.0 = Release|x86
		{0986DD22-4475-4A3A-9312-0E0F65DB5C82}.Release|x64.ActiveCfg = Release|x64
		{0986DD22-4475-4A3A-9312-0E0F65DB5C82}.Release|x64.Build.0 = Release|x64
		{0986DD22-4475-4A3A-9312-0E0F65DB5C82}.Release|x64.Deploy.0 = Release|x64
		{0986DD22-4475-4A3A-9312-0E0F65DB5C82}.Release|x86.ActiveCfg = Release|x86
		{0986DD22-4475-4A3A-9312-0E0F65DB5C82}.Release|x86.Build.0 = Release|x86
		{0986DD22-4475-4A3A-9312-0E0F65DB5C82}.Release|x86.Deploy.0 = Release|x86
		{35451DDD-2074-45B8-960B-F3A99D0189C6}.Debug|Any CPU.ActiveCfg = Debug|Any CPU
		{35451DDD-2074-45B8-960B-F3A99D0189C6}.Debug|Any CPU.Build.0 = Debug|Any CPU
		{35451DDD-2074-45B8-960B-F3A99D0189C6}.Debug|ARM.ActiveCfg = Debug|ARM
		{35451DDD-2074-45B8-960B-F3A99D0189C6}.Debug|ARM.Build.0 = Debug|ARM
		{35451DDD-2074-45B8-960B-F3A99D0189C6}.Debug|Mixed Platforms.ActiveCfg = Debug|Any CPU
		{35451DDD-2074-45B8-960B-F3A99D0189C6}.Debug|Mixed Platforms.Build.0 = Debug|Any CPU
		{35451DDD-2074-45B8-960B-F3A99D0189C6}.Debug|Win32.ActiveCfg = Debug|x86
		{35451DDD-2074-45B8-960B-F3A99D0189C6}.Debug|Win32.Build.0 = Debug|x86
		{35451DDD-2074-45B8-960B-F3A99D0189C6}.Debug|x64.ActiveCfg = Debug|x64
		{35451DDD-2074-45B8-960B-F3A99D0189C6}.Debug|x64.Build.0 = Debug|x64
		{35451DDD-2074-45B8-960B-F3A99D0189C6}.Debug|x86.ActiveCfg = Debug|x86
		{35451DDD-2074-45B8-960B-F3A99D0189C6}.Debug|x86.Build.0 = Debug|x86
		{35451DDD-2074-45B8-960B-F3A99D0189C6}.Release|Any CPU.ActiveCfg = Release|Any CPU
		{35451DDD-2074-45B8-960B-F3A99D0189C6}.Release|Any CPU.Build.0 = Release|Any CPU
		{35451DDD-2074-45B8-960B-F3A99D0189C6}.Release|ARM.ActiveCfg = Release|ARM
		{35451DDD-2074-45B8-960B-F3A99D0189C6}.Release|ARM.Build.0 = Release|ARM
		{35451DDD-2074-45B8-960B-F3A99D0189C6}.Release|Mixed Platforms.ActiveCfg = Release|Any CPU
		{35451DDD-2074-45B8-960B-F3A99D0189C6}.Release|Mixed Platforms.Build.0 = Release|Any CPU
		{35451DDD-2074-45B8-960B-F3A99D0189C6}.Release|Win32.ActiveCfg = Release|x86
		{35451DDD-2074-45B8-960B-F3A99D0189C6}.Release|Win32.Build.0 = Release|x86
		{35451DDD-2074-45B8-960B-F3A99D0189C6}.Release|x64.ActiveCfg = Release|x64
		{35451DDD-2074-45B8-960B-F3A99D0189C6}.Release|x64.Build.0 = Release|x64
		{35451DDD-2074-45B8-960B-F3A99D0189C6}.Release|x86.ActiveCfg = Release|x86
		{35451DDD-2074-45B8-960B-F3A99D0189C6}.Release|x86.Build.0 = Release|x86
		{34D8DA2C-D7AD-4832-9BAC-00C718017C18}.Debug|Any CPU.ActiveCfg = Debug|Any CPU
		{34D8DA2C-D7AD-4832-9BAC-00C718017C18}.Debug|Any CPU.Build.0 = Debug|Any CPU
		{34D8DA2C-D7AD-4832-9BAC-00C718017C18}.Debug|Any CPU.Deploy.0 = Debug|Any CPU
		{34D8DA2C-D7AD-4832-9BAC-00C718017C18}.Debug|ARM.ActiveCfg = Debug|Any CPU
		{34D8DA2C-D7AD-4832-9BAC-00C718017C18}.Debug|Mixed Platforms.ActiveCfg = Debug|Any CPU
		{34D8DA2C-D7AD-4832-9BAC-00C718017C18}.Debug|Mixed Platforms.Build.0 = Debug|Any CPU
		{34D8DA2C-D7AD-4832-9BAC-00C718017C18}.Debug|Mixed Platforms.Deploy.0 = Debug|Any CPU
		{34D8DA2C-D7AD-4832-9BAC-00C718017C18}.Debug|Win32.ActiveCfg = Debug|Any CPU
		{34D8DA2C-D7AD-4832-9BAC-00C718017C18}.Debug|x64.ActiveCfg = Debug|Any CPU
		{34D8DA2C-D7AD-4832-9BAC-00C718017C18}.Debug|x86.ActiveCfg = Debug|Any CPU
		{34D8DA2C-D7AD-4832-9BAC-00C718017C18}.Release|Any CPU.ActiveCfg = Release|Any CPU
		{34D8DA2C-D7AD-4832-9BAC-00C718017C18}.Release|Any CPU.Build.0 = Release|Any CPU
		{34D8DA2C-D7AD-4832-9BAC-00C718017C18}.Release|Any CPU.Deploy.0 = Release|Any CPU
		{34D8DA2C-D7AD-4832-9BAC-00C718017C18}.Release|ARM.ActiveCfg = Release|Any CPU
		{34D8DA2C-D7AD-4832-9BAC-00C718017C18}.Release|Mixed Platforms.ActiveCfg = Release|Any CPU
		{34D8DA2C-D7AD-4832-9BAC-00C718017C18}.Release|Mixed Platforms.Build.0 = Release|Any CPU
		{34D8DA2C-D7AD-4832-9BAC-00C718017C18}.Release|Mixed Platforms.Deploy.0 = Release|Any CPU
		{34D8DA2C-D7AD-4832-9BAC-00C718017C18}.Release|Win32.ActiveCfg = Release|Any CPU
		{34D8DA2C-D7AD-4832-9BAC-00C718017C18}.Release|x64.ActiveCfg = Release|Any CPU
		{34D8DA2C-D7AD-4832-9BAC-00C718017C18}.Release|x86.ActiveCfg = Release|Any CPU
		{FA6631C4-77A7-42BB-8B69-8E218B024A52}.Debug|Any CPU.ActiveCfg = Debug|Any CPU
		{FA6631C4-77A7-42BB-8B69-8E218B024A52}.Debug|Any CPU.Build.0 = Debug|Any CPU
		{FA6631C4-77A7-42BB-8B69-8E218B024A52}.Debug|Any CPU.Deploy.0 = Debug|Any CPU
		{FA6631C4-77A7-42BB-8B69-8E218B024A52}.Debug|ARM.ActiveCfg = Debug|ARM
		{FA6631C4-77A7-42BB-8B69-8E218B024A52}.Debug|ARM.Build.0 = Debug|ARM
		{FA6631C4-77A7-42BB-8B69-8E218B024A52}.Debug|ARM.Deploy.0 = Debug|ARM
		{FA6631C4-77A7-42BB-8B69-8E218B024A52}.Debug|Mixed Platforms.ActiveCfg = Debug|Any CPU
		{FA6631C4-77A7-42BB-8B69-8E218B024A52}.Debug|Mixed Platforms.Build.0 = Debug|Any CPU
		{FA6631C4-77A7-42BB-8B69-8E218B024A52}.Debug|Mixed Platforms.Deploy.0 = Debug|Any CPU
		{FA6631C4-77A7-42BB-8B69-8E218B024A52}.Debug|Win32.ActiveCfg = Debug|x86
		{FA6631C4-77A7-42BB-8B69-8E218B024A52}.Debug|Win32.Build.0 = Debug|x86
		{FA6631C4-77A7-42BB-8B69-8E218B024A52}.Debug|Win32.Deploy.0 = Debug|x86
		{FA6631C4-77A7-42BB-8B69-8E218B024A52}.Debug|x64.ActiveCfg = Debug|Any CPU
		{FA6631C4-77A7-42BB-8B69-8E218B024A52}.Debug|x86.ActiveCfg = Debug|x86
		{FA6631C4-77A7-42BB-8B69-8E218B024A52}.Debug|x86.Build.0 = Debug|x86
		{FA6631C4-77A7-42BB-8B69-8E218B024A52}.Debug|x86.Deploy.0 = Debug|x86
		{FA6631C4-77A7-42BB-8B69-8E218B024A52}.Release|Any CPU.ActiveCfg = Release|Any CPU
		{FA6631C4-77A7-42BB-8B69-8E218B024A52}.Release|Any CPU.Build.0 = Release|Any CPU
		{FA6631C4-77A7-42BB-8B69-8E218B024A52}.Release|Any CPU.Deploy.0 = Release|Any CPU
		{FA6631C4-77A7-42BB-8B69-8E218B024A52}.Release|ARM.ActiveCfg = Release|ARM
		{FA6631C4-77A7-42BB-8B69-8E218B024A52}.Release|ARM.Build.0 = Release|ARM
		{FA6631C4-77A7-42BB-8B69-8E218B024A52}.Release|ARM.Deploy.0 = Release|ARM
		{FA6631C4-77A7-42BB-8B69-8E218B024A52}.Release|Mixed Platforms.ActiveCfg = Release|Any CPU
		{FA6631C4-77A7-42BB-8B69-8E218B024A52}.Release|Mixed Platforms.Build.0 = Release|Any CPU
		{FA6631C4-77A7-42BB-8B69-8E218B024A52}.Release|Mixed Platforms.Deploy.0 = Release|Any CPU
		{FA6631C4-77A7-42BB-8B69-8E218B024A52}.Release|Win32.ActiveCfg = Release|x86
		{FA6631C4-77A7-42BB-8B69-8E218B024A52}.Release|Win32.Build.0 = Release|x86
		{FA6631C4-77A7-42BB-8B69-8E218B024A52}.Release|Win32.Deploy.0 = Release|x86
		{FA6631C4-77A7-42BB-8B69-8E218B024A52}.Release|x64.ActiveCfg = Release|Any CPU
		{FA6631C4-77A7-42BB-8B69-8E218B024A52}.Release|x86.ActiveCfg = Release|x86
		{FA6631C4-77A7-42BB-8B69-8E218B024A52}.Release|x86.Build.0 = Release|x86
		{FA6631C4-77A7-42BB-8B69-8E218B024A52}.Release|x86.Deploy.0 = Release|x86
		{428A7347-28DC-4E0A-85E8-4FB0B890A784}.Debug|Any CPU.ActiveCfg = Debug|x64
		{428A7347-28DC-4E0A-85E8-4FB0B890A784}.Debug|ARM.ActiveCfg = Debug|ARM
		{428A7347-28DC-4E0A-85E8-4FB0B890A784}.Debug|ARM.Build.0 = Debug|ARM
		{428A7347-28DC-4E0A-85E8-4FB0B890A784}.Debug|Mixed Platforms.ActiveCfg = Debug|Win32
		{428A7347-28DC-4E0A-85E8-4FB0B890A784}.Debug|Mixed Platforms.Build.0 = Debug|Win32
		{428A7347-28DC-4E0A-85E8-4FB0B890A784}.Debug|Win32.ActiveCfg = Debug|Win32
		{428A7347-28DC-4E0A-85E8-4FB0B890A784}.Debug|Win32.Build.0 = Debug|Win32
		{428A7347-28DC-4E0A-85E8-4FB0B890A784}.Debug|x64.ActiveCfg = Debug|x64
		{428A7347-28DC-4E0A-85E8-4FB0B890A784}.Debug|x64.Build.0 = Debug|x64
		{428A7347-28DC-4E0A-85E8-4FB0B890A784}.Debug|x86.ActiveCfg = Debug|Win32
		{428A7347-28DC-4E0A-85E8-4FB0B890A784}.Debug|x86.Build.0 = Debug|Win32
		{428A7347-28DC-4E0A-85E8-4FB0B890A784}.Release|Any CPU.ActiveCfg = Release|x64
		{428A7347-28DC-4E0A-85E8-4FB0B890A784}.Release|ARM.ActiveCfg = Release|ARM
		{428A7347-28DC-4E0A-85E8-4FB0B890A784}.Release|ARM.Build.0 = Release|ARM
		{428A7347-28DC-4E0A-85E8-4FB0B890A784}.Release|Mixed Platforms.ActiveCfg = Release|Win32
		{428A7347-28DC-4E0A-85E8-4FB0B890A784}.Release|Mixed Platforms.Build.0 = Release|Win32
		{428A7347-28DC-4E0A-85E8-4FB0B890A784}.Release|Win32.ActiveCfg = Release|Win32
		{428A7347-28DC-4E0A-85E8-4FB0B890A784}.Release|Win32.Build.0 = Release|Win32
		{428A7347-28DC-4E0A-85E8-4FB0B890A784}.Release|x64.ActiveCfg = Release|x64
		{428A7347-28DC-4E0A-85E8-4FB0B890A784}.Release|x64.Build.0 = Release|x64
		{428A7347-28DC-4E0A-85E8-4FB0B890A784}.Release|x86.ActiveCfg = Release|Win32
		{428A7347-28DC-4E0A-85E8-4FB0B890A784}.Release|x86.Build.0 = Release|Win32
		{74B2DA2C-5B3D-4A08-954D-3ACDFBFA44F9}.Debug|Any CPU.ActiveCfg = Debug|Any CPU
		{74B2DA2C-5B3D-4A08-954D-3ACDFBFA44F9}.Debug|Any CPU.Build.0 = Debug|Any CPU
		{74B2DA2C-5B3D-4A08-954D-3ACDFBFA44F9}.Debug|ARM.ActiveCfg = Debug|Any CPU
		{74B2DA2C-5B3D-4A08-954D-3ACDFBFA44F9}.Debug|Mixed Platforms.ActiveCfg = Debug|Any CPU
		{74B2DA2C-5B3D-4A08-954D-3ACDFBFA44F9}.Debug|Mixed Platforms.Build.0 = Debug|Any CPU
		{74B2DA2C-5B3D-4A08-954D-3ACDFBFA44F9}.Debug|Win32.ActiveCfg = Debug|Any CPU
		{74B2DA2C-5B3D-4A08-954D-3ACDFBFA44F9}.Debug|x64.ActiveCfg = Debug|Any CPU
		{74B2DA2C-5B3D-4A08-954D-3ACDFBFA44F9}.Debug|x86.ActiveCfg = Debug|Any CPU
		{74B2DA2C-5B3D-4A08-954D-3ACDFBFA44F9}.Release|Any CPU.ActiveCfg = Release|Any CPU
		{74B2DA2C-5B3D-4A08-954D-3ACDFBFA44F9}.Release|Any CPU.Build.0 = Release|Any CPU
		{74B2DA2C-5B3D-4A08-954D-3ACDFBFA44F9}.Release|ARM.ActiveCfg = Release|Any CPU
		{74B2DA2C-5B3D-4A08-954D-3ACDFBFA44F9}.Release|Mixed Platforms.ActiveCfg = Release|Any CPU
		{74B2DA2C-5B3D-4A08-954D-3ACDFBFA44F9}.Release|Mixed Platforms.Build.0 = Release|Any CPU
		{74B2DA2C-5B3D-4A08-954D-3ACDFBFA44F9}.Release|Win32.ActiveCfg = Release|Any CPU
		{74B2DA2C-5B3D-4A08-954D-3ACDFBFA44F9}.Release|x64.ActiveCfg = Release|Any CPU
		{74B2DA2C-5B3D-4A08-954D-3ACDFBFA44F9}.Release|x86.ActiveCfg = Release|Any CPU
		{DF6121D9-BDF6-4E9B-AFBA-726F822E6DCE}.Debug|Any CPU.ActiveCfg = Debug|Any CPU
		{DF6121D9-BDF6-4E9B-AFBA-726F822E6DCE}.Debug|Any CPU.Build.0 = Debug|Any CPU
		{DF6121D9-BDF6-4E9B-AFBA-726F822E6DCE}.Debug|ARM.ActiveCfg = Debug|ARM
		{DF6121D9-BDF6-4E9B-AFBA-726F822E6DCE}.Debug|ARM.Build.0 = Debug|ARM
		{DF6121D9-BDF6-4E9B-AFBA-726F822E6DCE}.Debug|Mixed Platforms.ActiveCfg = Debug|Any CPU
		{DF6121D9-BDF6-4E9B-AFBA-726F822E6DCE}.Debug|Mixed Platforms.Build.0 = Debug|Any CPU
		{DF6121D9-BDF6-4E9B-AFBA-726F822E6DCE}.Debug|Win32.ActiveCfg = Debug|x86
		{DF6121D9-BDF6-4E9B-AFBA-726F822E6DCE}.Debug|Win32.Build.0 = Debug|x86
		{DF6121D9-BDF6-4E9B-AFBA-726F822E6DCE}.Debug|x64.ActiveCfg = Debug|x64
		{DF6121D9-BDF6-4E9B-AFBA-726F822E6DCE}.Debug|x64.Build.0 = Debug|x64
		{DF6121D9-BDF6-4E9B-AFBA-726F822E6DCE}.Debug|x86.ActiveCfg = Debug|x86
		{DF6121D9-BDF6-4E9B-AFBA-726F822E6DCE}.Debug|x86.Build.0 = Debug|x86
		{DF6121D9-BDF6-4E9B-AFBA-726F822E6DCE}.Release|Any CPU.ActiveCfg = Release|Any CPU
		{DF6121D9-BDF6-4E9B-AFBA-726F822E6DCE}.Release|Any CPU.Build.0 = Release|Any CPU
		{DF6121D9-BDF6-4E9B-AFBA-726F822E6DCE}.Release|ARM.ActiveCfg = Release|ARM
		{DF6121D9-BDF6-4E9B-AFBA-726F822E6DCE}.Release|ARM.Build.0 = Release|ARM
		{DF6121D9-BDF6-4E9B-AFBA-726F822E6DCE}.Release|Mixed Platforms.ActiveCfg = Release|Any CPU
		{DF6121D9-BDF6-4E9B-AFBA-726F822E6DCE}.Release|Mixed Platforms.Build.0 = Release|Any CPU
		{DF6121D9-BDF6-4E9B-AFBA-726F822E6DCE}.Release|Win32.ActiveCfg = Release|x86
		{DF6121D9-BDF6-4E9B-AFBA-726F822E6DCE}.Release|Win32.Build.0 = Release|x86
		{DF6121D9-BDF6-4E9B-AFBA-726F822E6DCE}.Release|x64.ActiveCfg = Release|x64
		{DF6121D9-BDF6-4E9B-AFBA-726F822E6DCE}.Release|x64.Build.0 = Release|x64
		{DF6121D9-BDF6-4E9B-AFBA-726F822E6DCE}.Release|x86.ActiveCfg = Release|x86
		{DF6121D9-BDF6-4E9B-AFBA-726F822E6DCE}.Release|x86.Build.0 = Release|x86
		{4A0CB5A0-B620-4D4B-A365-ABA1D88913A0}.Debug|Any CPU.ActiveCfg = Debug|Any CPU
		{4A0CB5A0-B620-4D4B-A365-ABA1D88913A0}.Debug|Any CPU.Build.0 = Debug|Any CPU
		{4A0CB5A0-B620-4D4B-A365-ABA1D88913A0}.Debug|ARM.ActiveCfg = Debug|Any CPU
		{4A0CB5A0-B620-4D4B-A365-ABA1D88913A0}.Debug|Mixed Platforms.ActiveCfg = Debug|Any CPU
		{4A0CB5A0-B620-4D4B-A365-ABA1D88913A0}.Debug|Mixed Platforms.Build.0 = Debug|Any CPU
		{4A0CB5A0-B620-4D4B-A365-ABA1D88913A0}.Debug|Win32.ActiveCfg = Debug|Any CPU
		{4A0CB5A0-B620-4D4B-A365-ABA1D88913A0}.Debug|x64.ActiveCfg = Debug|Any CPU
		{4A0CB5A0-B620-4D4B-A365-ABA1D88913A0}.Debug|x86.ActiveCfg = Debug|Any CPU
		{4A0CB5A0-B620-4D4B-A365-ABA1D88913A0}.Release|Any CPU.ActiveCfg = Release|Any CPU
		{4A0CB5A0-B620-4D4B-A365-ABA1D88913A0}.Release|Any CPU.Build.0 = Release|Any CPU
		{4A0CB5A0-B620-4D4B-A365-ABA1D88913A0}.Release|ARM.ActiveCfg = Release|Any CPU
		{4A0CB5A0-B620-4D4B-A365-ABA1D88913A0}.Release|Mixed Platforms.ActiveCfg = Release|Any CPU
		{4A0CB5A0-B620-4D4B-A365-ABA1D88913A0}.Release|Mixed Platforms.Build.0 = Release|Any CPU
		{4A0CB5A0-B620-4D4B-A365-ABA1D88913A0}.Release|Win32.ActiveCfg = Release|Any CPU
		{4A0CB5A0-B620-4D4B-A365-ABA1D88913A0}.Release|x64.ActiveCfg = Release|Any CPU
		{4A0CB5A0-B620-4D4B-A365-ABA1D88913A0}.Release|x86.ActiveCfg = Release|Any CPU
		{6B3E81FA-9709-44DA-BE3F-30D672F30E34}.Debug|Any CPU.ActiveCfg = Debug|Any CPU
		{6B3E81FA-9709-44DA-BE3F-30D672F30E34}.Debug|Any CPU.Build.0 = Debug|Any CPU
		{6B3E81FA-9709-44DA-BE3F-30D672F30E34}.Debug|ARM.ActiveCfg = Debug|ARM
		{6B3E81FA-9709-44DA-BE3F-30D672F30E34}.Debug|ARM.Build.0 = Debug|ARM
		{6B3E81FA-9709-44DA-BE3F-30D672F30E34}.Debug|Mixed Platforms.ActiveCfg = Debug|Any CPU
		{6B3E81FA-9709-44DA-BE3F-30D672F30E34}.Debug|Mixed Platforms.Build.0 = Debug|Any CPU
		{6B3E81FA-9709-44DA-BE3F-30D672F30E34}.Debug|Win32.ActiveCfg = Debug|x86
		{6B3E81FA-9709-44DA-BE3F-30D672F30E34}.Debug|Win32.Build.0 = Debug|x86
		{6B3E81FA-9709-44DA-BE3F-30D672F30E34}.Debug|x64.ActiveCfg = Debug|Any CPU
		{6B3E81FA-9709-44DA-BE3F-30D672F30E34}.Debug|x86.ActiveCfg = Debug|x86
		{6B3E81FA-9709-44DA-BE3F-30D672F30E34}.Debug|x86.Build.0 = Debug|x86
		{6B3E81FA-9709-44DA-BE3F-30D672F30E34}.Release|Any CPU.ActiveCfg = Release|Any CPU
		{6B3E81FA-9709-44DA-BE3F-30D672F30E34}.Release|Any CPU.Build.0 = Release|Any CPU
		{6B3E81FA-9709-44DA-BE3F-30D672F30E34}.Release|ARM.ActiveCfg = Release|ARM
		{6B3E81FA-9709-44DA-BE3F-30D672F30E34}.Release|ARM.Build.0 = Release|ARM
		{6B3E81FA-9709-44DA-BE3F-30D672F30E34}.Release|Mixed Platforms.ActiveCfg = Release|Any CPU
		{6B3E81FA-9709-44DA-BE3F-30D672F30E34}.Release|Mixed Platforms.Build.0 = Release|Any CPU
		{6B3E81FA-9709-44DA-BE3F-30D672F30E34}.Release|Win32.ActiveCfg = Release|x86
		{6B3E81FA-9709-44DA-BE3F-30D672F30E34}.Release|Win32.Build.0 = Release|x86
		{6B3E81FA-9709-44DA-BE3F-30D672F30E34}.Release|x64.ActiveCfg = Release|Any CPU
		{6B3E81FA-9709-44DA-BE3F-30D672F30E34}.Release|x86.ActiveCfg = Release|x86
		{6B3E81FA-9709-44DA-BE3F-30D672F30E34}.Release|x86.Build.0 = Release|x86
		{A7F34CFD-F370-4B34-83BD-1A51ED065EC4}.Debug|Any CPU.ActiveCfg = Debug|Any CPU
		{A7F34CFD-F370-4B34-83BD-1A51ED065EC4}.Debug|Any CPU.Build.0 = Debug|Any CPU
		{A7F34CFD-F370-4B34-83BD-1A51ED065EC4}.Debug|ARM.ActiveCfg = Debug|ARM
		{A7F34CFD-F370-4B34-83BD-1A51ED065EC4}.Debug|ARM.Build.0 = Debug|ARM
		{A7F34CFD-F370-4B34-83BD-1A51ED065EC4}.Debug|Mixed Platforms.ActiveCfg = Debug|x86
		{A7F34CFD-F370-4B34-83BD-1A51ED065EC4}.Debug|Mixed Platforms.Build.0 = Debug|x86
		{A7F34CFD-F370-4B34-83BD-1A51ED065EC4}.Debug|Win32.ActiveCfg = Debug|x86
		{A7F34CFD-F370-4B34-83BD-1A51ED065EC4}.Debug|Win32.Build.0 = Debug|x86
		{A7F34CFD-F370-4B34-83BD-1A51ED065EC4}.Debug|x64.ActiveCfg = Debug|Any CPU
		{A7F34CFD-F370-4B34-83BD-1A51ED065EC4}.Debug|x86.ActiveCfg = Debug|x86
		{A7F34CFD-F370-4B34-83BD-1A51ED065EC4}.Debug|x86.Build.0 = Debug|x86
		{A7F34CFD-F370-4B34-83BD-1A51ED065EC4}.Release|Any CPU.ActiveCfg = Release|Any CPU
		{A7F34CFD-F370-4B34-83BD-1A51ED065EC4}.Release|Any CPU.Build.0 = Release|Any CPU
		{A7F34CFD-F370-4B34-83BD-1A51ED065EC4}.Release|ARM.ActiveCfg = Release|ARM
		{A7F34CFD-F370-4B34-83BD-1A51ED065EC4}.Release|ARM.Build.0 = Release|ARM
		{A7F34CFD-F370-4B34-83BD-1A51ED065EC4}.Release|Mixed Platforms.ActiveCfg = Release|x86
		{A7F34CFD-F370-4B34-83BD-1A51ED065EC4}.Release|Mixed Platforms.Build.0 = Release|x86
		{A7F34CFD-F370-4B34-83BD-1A51ED065EC4}.Release|Win32.ActiveCfg = Release|x86
		{A7F34CFD-F370-4B34-83BD-1A51ED065EC4}.Release|Win32.Build.0 = Release|x86
		{A7F34CFD-F370-4B34-83BD-1A51ED065EC4}.Release|x64.ActiveCfg = Release|Any CPU
		{A7F34CFD-F370-4B34-83BD-1A51ED065EC4}.Release|x86.ActiveCfg = Release|x86
		{A7F34CFD-F370-4B34-83BD-1A51ED065EC4}.Release|x86.Build.0 = Release|x86
	EndGlobalSection
	GlobalSection(SolutionProperties) = preSolution
		HideSolutionNode = FALSE
	EndGlobalSection
EndGlobal
